<?xml version="1.0" encoding="utf-8"?>
<Project ToolsVersion="4.0" xmlns="http://schemas.microsoft.com/developer/msbuild/2003">
  <ItemGroup>
    <Filter Include="Source Files">
      <UniqueIdentifier>{4FC737F1-C7A5-4376-A066-2A32D752A2FF}</UniqueIdentifier>
      <Extensions>cpp;c;cc;cxx;def;odl;idl;hpj;bat;asm;asmx</Extensions>
    </Filter>
    <Filter Include="Header Files">
      <UniqueIdentifier>{93995380-89BD-4b04-88EB-625FBE52EBFB}</UniqueIdentifier>
      <Extensions>h;hpp;hxx;hm;inl;inc;xsd</Extensions>
    </Filter>
    <Filter Include="Resource Files">
      <UniqueIdentifier>{67DA6AB6-F800-4c08-8B7A-83BB121AAD01}</UniqueIdentifier>
      <Extensions>rc;ico;cur;bmp;dlg;rc2;rct;bin;rgs;gif;jpg;jpeg;jpe;resx;tiff;tif;png;wav;mfcribbon-ms</Extensions>
    </Filter>
    <Filter Include="Header Files\compiler">
      <UniqueIdentifier>{67677c08-13dd-40e0-9453-6f790453b3d1}</UniqueIdentifier>
    </Filter>
  </ItemGroup>
  <ItemGroup>
    <ClInclude Include="..\account.h">
      <Filter>Header Files</Filter>
    </ClInclude>
    <ClInclude Include="..\actions.h">
      <Filter>Header Files</Filter>
    </ClInclude>
    <ClInclude Include="..\admin.h">
      <Filter>Header Files</Filter>
    </ClInclude>
    <ClInclude Include="..\allocator.h">
      <Filter>Header Files</Filter>
    </ClInclude>
    <ClInclude Include="..\ban.h">
      <Filter>Header Files</Filter>
    </ClInclude>
    <ClInclude Include="..\baseevents.h">
      <Filter>Header Files</Filter>
    </ClInclude>
    <ClInclude Include="..\beds.h">
      <Filter>Header Files</Filter>
    </ClInclude>
    <ClInclude Include="..\chat.h">
      <Filter>Header Files</Filter>
    </ClInclude>
    <ClInclude Include="..\combat.h">
      <Filter>Header Files</Filter>
    </ClInclude>
    <ClInclude Include="..\condition.h">
      <Filter>Header Files</Filter>
    </ClInclude>
    <ClInclude Include="..\configmanager.h">
      <Filter>Header Files</Filter>
    </ClInclude>
    <ClInclude Include="..\connection.h">
      <Filter>Header Files</Filter>
    </ClInclude>
    <ClInclude Include="..\const.h">
      <Filter>Header Files</Filter>
    </ClInclude>
    <ClInclude Include="..\container.h">
      <Filter>Header Files</Filter>
    </ClInclude>
    <ClInclude Include="..\creature.h">
      <Filter>Header Files</Filter>
    </ClInclude>
    <ClInclude Include="..\creatureevent.h">
      <Filter>Header Files</Filter>
    </ClInclude>
    <ClInclude Include="..\cylinder.h">
      <Filter>Header Files</Filter>
    </ClInclude>
    <ClInclude Include="..\database.h">
      <Filter>Header Files</Filter>
    </ClInclude>
    <ClInclude Include="..\databasemysql.h">
      <Filter>Header Files</Filter>
    </ClInclude>
    <ClInclude Include="..\databaseodbc.h">
      <Filter>Header Files</Filter>
    </ClInclude>
    <ClInclude Include="..\databasepgsql.h">
      <Filter>Header Files</Filter>
    </ClInclude>
    <ClInclude Include="..\databasesqlite.h">
      <Filter>Header Files</Filter>
    </ClInclude>
    <ClInclude Include="..\definitions.h">
      <Filter>Header Files</Filter>
    </ClInclude>
    <ClInclude Include="..\depot.h">
      <Filter>Header Files</Filter>
    </ClInclude>
    <ClInclude Include="..\enums.h">
      <Filter>Header Files</Filter>
    </ClInclude>
    <ClInclude Include="..\exception.h">
      <Filter>Header Files</Filter>
    </ClInclude>
    <ClInclude Include="..\fileloader.h">
      <Filter>Header Files</Filter>
    </ClInclude>
    <ClInclude Include="..\game.h">
      <Filter>Header Files</Filter>
    </ClInclude>
    <ClInclude Include="..\guild.h">
      <Filter>Header Files</Filter>
    </ClInclude>
    <ClInclude Include="..\house.h">
      <Filter>Header Files</Filter>
    </ClInclude>
    <ClInclude Include="..\housetile.h">
      <Filter>Header Files</Filter>
    </ClInclude>
    <ClInclude Include="..\ioaccount.h">
      <Filter>Header Files</Filter>
    </ClInclude>
    <ClInclude Include="..\iomap.h">
      <Filter>Header Files</Filter>
    </ClInclude>
    <ClInclude Include="..\iomapotbm.h">
      <Filter>Header Files</Filter>
    </ClInclude>
    <ClInclude Include="..\iomapserialize.h">
      <Filter>Header Files</Filter>
    </ClInclude>
    <ClInclude Include="..\ioplayer.h">
      <Filter>Header Files</Filter>
    </ClInclude>
    <ClInclude Include="..\item.h">
      <Filter>Header Files</Filter>
    </ClInclude>
    <ClInclude Include="..\itemloader.h">
      <Filter>Header Files</Filter>
    </ClInclude>
    <ClInclude Include="..\items.h">
      <Filter>Header Files</Filter>
    </ClInclude>
    <ClInclude Include="..\logger.h">
      <Filter>Header Files</Filter>
    </ClInclude>
    <ClInclude Include="..\luascript.h">
      <Filter>Header Files</Filter>
    </ClInclude>
    <ClInclude Include="..\mailbox.h">
      <Filter>Header Files</Filter>
    </ClInclude>
    <ClInclude Include="..\map.h">
      <Filter>Header Files</Filter>
    </ClInclude>
    <ClInclude Include="..\md5.h">
      <Filter>Header Files</Filter>
    </ClInclude>
    <ClInclude Include="..\monster.h">
      <Filter>Header Files</Filter>
    </ClInclude>
    <ClInclude Include="..\monsters.h">
      <Filter>Header Files</Filter>
    </ClInclude>
    <ClInclude Include="..\movement.h">
      <Filter>Header Files</Filter>
    </ClInclude>
    <ClInclude Include="..\networkmessage.h">
      <Filter>Header Files</Filter>
    </ClInclude>
    <ClInclude Include="..\npc.h">
      <Filter>Header Files</Filter>
    </ClInclude>
    <ClInclude Include="..\otpch.h">
      <Filter>Header Files</Filter>
    </ClInclude>
    <ClInclude Include="..\otsystem.h">
      <Filter>Header Files</Filter>
    </ClInclude>
    <ClInclude Include="..\outfit.h">
      <Filter>Header Files</Filter>
    </ClInclude>
    <ClInclude Include="..\outputmessage.h">
      <Filter>Header Files</Filter>
    </ClInclude>
    <ClInclude Include="..\party.h">
      <Filter>Header Files</Filter>
    </ClInclude>
    <ClInclude Include="..\player.h">
      <Filter>Header Files</Filter>
    </ClInclude>
    <ClInclude Include="..\position.h">
      <Filter>Header Files</Filter>
    </ClInclude>
    <ClInclude Include="..\protocol.h">
      <Filter>Header Files</Filter>
    </ClInclude>
    <ClInclude Include="..\protocolgame.h">
      <Filter>Header Files</Filter>
    </ClInclude>
    <ClInclude Include="..\protocollogin.h">
      <Filter>Header Files</Filter>
    </ClInclude>
    <ClInclude Include="..\protocolold.h">
      <Filter>Header Files</Filter>
    </ClInclude>
    <ClInclude Include="..\quests.h">
      <Filter>Header Files</Filter>
    </ClInclude>
    <ClInclude Include="..\raids.h">
      <Filter>Header Files</Filter>
    </ClInclude>
    <ClInclude Include="..\rsa.h">
      <Filter>Header Files</Filter>
    </ClInclude>
    <ClInclude Include="..\scheduler.h">
      <Filter>Header Files</Filter>
    </ClInclude>
    <ClInclude Include="..\scriptmanager.h">
      <Filter>Header Files</Filter>
    </ClInclude>
    <ClInclude Include="..\server.h">
      <Filter>Header Files</Filter>
    </ClInclude>
    <ClInclude Include="..\sha1.h">
      <Filter>Header Files</Filter>
    </ClInclude>
    <ClInclude Include="..\spawn.h">
      <Filter>Header Files</Filter>
    </ClInclude>
    <ClInclude Include="..\spells.h">
      <Filter>Header Files</Filter>
    </ClInclude>
    <ClInclude Include="..\status.h">
      <Filter>Header Files</Filter>
    </ClInclude>
    <ClInclude Include="..\talkaction.h">
      <Filter>Header Files</Filter>
    </ClInclude>
    <ClInclude Include="..\tasks.h">
      <Filter>Header Files</Filter>
    </ClInclude>
    <ClInclude Include="..\teleport.h">
      <Filter>Header Files</Filter>
    </ClInclude>
    <ClInclude Include="..\templates.h">
      <Filter>Header Files</Filter>
    </ClInclude>
    <ClInclude Include="..\thing.h">
      <Filter>Header Files</Filter>
    </ClInclude>
    <ClInclude Include="..\tile.h">
      <Filter>Header Files</Filter>
    </ClInclude>
    <ClInclude Include="..\tools.h">
      <Filter>Header Files</Filter>
    </ClInclude>
    <ClInclude Include="..\town.h">
      <Filter>Header Files</Filter>
    </ClInclude>
    <ClInclude Include="..\trashholder.h">
      <Filter>Header Files</Filter>
    </ClInclude>
    <ClInclude Include="..\vocation.h">
      <Filter>Header Files</Filter>
    </ClInclude>
    <ClInclude Include="..\waitlist.h">
      <Filter>Header Files</Filter>
    </ClInclude>
    <ClInclude Include="..\waypoints.h">
      <Filter>Header Files</Filter>
    </ClInclude>
    <ClInclude Include="..\weapons.h">
      <Filter>Header Files</Filter>
    </ClInclude>
    <ClInclude Include="..\compiler\cygwin.h">
      <Filter>Header Files\compiler</Filter>
    </ClInclude>
    <ClInclude Include="..\compiler\gcc.h">
      <Filter>Header Files\compiler</Filter>
    </ClInclude>
    <ClInclude Include="..\compiler\mingw32.h">
      <Filter>Header Files\compiler</Filter>
    </ClInclude>
    <ClInclude Include="..\compiler\workarounds.h">
      <Filter>Header Files\compiler</Filter>
    </ClInclude>
    <ClInclude Include="..\compiler\msvc.h">
      <Filter>Header Files\compiler</Filter>
    </ClInclude>
    <ClInclude Include="..\globalevent.h">
      <Filter>Header Files</Filter>
    </ClInclude>
    <ClInclude Include="..\mount.h">
      <Filter>Header Files</Filter>
    </ClInclude>
  </ItemGroup>
  <ItemGroup>
    <ClCompile Include="..\actions.cpp">
      <Filter>Source Files</Filter>
    </ClCompile>
    <ClCompile Include="..\admin.cpp">
      <Filter>Source Files</Filter>
    </ClCompile>
    <ClCompile Include="..\allocator.cpp">
      <Filter>Source Files</Filter>
    </ClCompile>
    <ClCompile Include="..\ban.cpp">
      <Filter>Source Files</Filter>
    </ClCompile>
    <ClCompile Include="..\baseevents.cpp">
      <Filter>Source Files</Filter>
    </ClCompile>
    <ClCompile Include="..\beds.cpp">
      <Filter>Source Files</Filter>
    </ClCompile>
    <ClCompile Include="..\chat.cpp">
      <Filter>Source Files</Filter>
    </ClCompile>
    <ClCompile Include="..\combat.cpp">
      <Filter>Source Files</Filter>
    </ClCompile>
    <ClCompile Include="..\condition.cpp">
      <Filter>Source Files</Filter>
    </ClCompile>
    <ClCompile Include="..\configmanager.cpp">
      <Filter>Source Files</Filter>
    </ClCompile>
    <ClCompile Include="..\connection.cpp">
      <Filter>Source Files</Filter>
    </ClCompile>
    <ClCompile Include="..\container.cpp">
      <Filter>Source Files</Filter>
    </ClCompile>
    <ClCompile Include="..\creature.cpp">
      <Filter>Source Files</Filter>
    </ClCompile>
    <ClCompile Include="..\creatureevent.cpp">
      <Filter>Source Files</Filter>
    </ClCompile>
    <ClCompile Include="..\cylinder.cpp">
      <Filter>Source Files</Filter>
    </ClCompile>
    <ClCompile Include="..\database.cpp">
      <Filter>Source Files</Filter>
    </ClCompile>
    <ClCompile Include="..\databasemysql.cpp">
      <Filter>Source Files</Filter>
    </ClCompile>
    <ClCompile Include="..\databaseodbc.cpp">
      <Filter>Source Files</Filter>
    </ClCompile>
    <ClCompile Include="..\databasepgsql.cpp">
      <Filter>Source Files</Filter>
    </ClCompile>
    <ClCompile Include="..\databasesqlite.cpp">
      <Filter>Source Files</Filter>
    </ClCompile>
    <ClCompile Include="..\depot.cpp">
      <Filter>Source Files</Filter>
    </ClCompile>
    <ClCompile Include="..\exception.cpp">
      <Filter>Source Files</Filter>
    </ClCompile>
    <ClCompile Include="..\fileloader.cpp">
      <Filter>Source Files</Filter>
    </ClCompile>
    <ClCompile Include="..\game.cpp">
      <Filter>Source Files</Filter>
    </ClCompile>
    <ClCompile Include="..\guild.cpp">
      <Filter>Source Files</Filter>
    </ClCompile>
    <ClCompile Include="..\house.cpp">
      <Filter>Source Files</Filter>
    </ClCompile>
    <ClCompile Include="..\housetile.cpp">
      <Filter>Source Files</Filter>
    </ClCompile>
    <ClCompile Include="..\ioaccount.cpp">
      <Filter>Source Files</Filter>
    </ClCompile>
    <ClCompile Include="..\iomapotbm.cpp">
      <Filter>Source Files</Filter>
    </ClCompile>
    <ClCompile Include="..\iomapserialize.cpp">
      <Filter>Source Files</Filter>
    </ClCompile>
    <ClCompile Include="..\ioplayer.cpp">
      <Filter>Source Files</Filter>
    </ClCompile>
    <ClCompile Include="..\item.cpp">
      <Filter>Source Files</Filter>
    </ClCompile>
    <ClCompile Include="..\items.cpp">
      <Filter>Source Files</Filter>
    </ClCompile>
    <ClCompile Include="..\logger.cpp">
      <Filter>Source Files</Filter>
    </ClCompile>
    <ClCompile Include="..\luascript.cpp">
      <Filter>Source Files</Filter>
    </ClCompile>
    <ClCompile Include="..\mailbox.cpp">
      <Filter>Source Files</Filter>
    </ClCompile>
    <ClCompile Include="..\map.cpp">
      <Filter>Source Files</Filter>
    </ClCompile>
    <ClCompile Include="..\md5.cpp">
      <Filter>Source Files</Filter>
    </ClCompile>
    <ClCompile Include="..\monster.cpp">
      <Filter>Source Files</Filter>
    </ClCompile>
    <ClCompile Include="..\monsters.cpp">
      <Filter>Source Files</Filter>
    </ClCompile>
    <ClCompile Include="..\movement.cpp">
      <Filter>Source Files</Filter>
    </ClCompile>
    <ClCompile Include="..\networkmessage.cpp">
      <Filter>Source Files</Filter>
    </ClCompile>
    <ClCompile Include="..\npc.cpp">
      <Filter>Source Files</Filter>
    </ClCompile>
    <ClCompile Include="..\otserv.cpp">
      <Filter>Source Files</Filter>
    </ClCompile>
    <ClCompile Include="..\outfit.cpp">
      <Filter>Source Files</Filter>
    </ClCompile>
    <ClCompile Include="..\outputmessage.cpp">
      <Filter>Source Files</Filter>
    </ClCompile>
    <ClCompile Include="..\party.cpp">
      <Filter>Source Files</Filter>
    </ClCompile>
    <ClCompile Include="..\player.cpp">
      <Filter>Source Files</Filter>
    </ClCompile>
    <ClCompile Include="..\position.cpp">
      <Filter>Source Files</Filter>
    </ClCompile>
    <ClCompile Include="..\protocol.cpp">
      <Filter>Source Files</Filter>
    </ClCompile>
    <ClCompile Include="..\protocolgame.cpp">
      <Filter>Source Files</Filter>
    </ClCompile>
    <ClCompile Include="..\protocollogin.cpp">
      <Filter>Source Files</Filter>
    </ClCompile>
    <ClCompile Include="..\protocolold.cpp">
      <Filter>Source Files</Filter>
    </ClCompile>
    <ClCompile Include="..\quests.cpp">
      <Filter>Source Files</Filter>
    </ClCompile>
    <ClCompile Include="..\raids.cpp">
      <Filter>Source Files</Filter>
    </ClCompile>
    <ClCompile Include="..\rsa.cpp">
      <Filter>Source Files</Filter>
    </ClCompile>
    <ClCompile Include="..\scheduler.cpp">
      <Filter>Source Files</Filter>
    </ClCompile>
    <ClCompile Include="..\scriptmanager.cpp">
      <Filter>Source Files</Filter>
    </ClCompile>
    <ClCompile Include="..\server.cpp">
      <Filter>Source Files</Filter>
    </ClCompile>
    <ClCompile Include="..\sha1.cpp">
      <Filter>Source Files</Filter>
    </ClCompile>
    <ClCompile Include="..\spawn.cpp">
      <Filter>Source Files</Filter>
    </ClCompile>
    <ClCompile Include="..\spells.cpp">
      <Filter>Source Files</Filter>
    </ClCompile>
    <ClCompile Include="..\status.cpp">
      <Filter>Source Files</Filter>
    </ClCompile>
    <ClCompile Include="..\talkaction.cpp">
      <Filter>Source Files</Filter>
    </ClCompile>
    <ClCompile Include="..\tasks.cpp">
      <Filter>Source Files</Filter>
    </ClCompile>
    <ClCompile Include="..\teleport.cpp">
      <Filter>Source Files</Filter>
    </ClCompile>
    <ClCompile Include="..\thing.cpp">
      <Filter>Source Files</Filter>
    </ClCompile>
    <ClCompile Include="..\tile.cpp">
      <Filter>Source Files</Filter>
    </ClCompile>
    <ClCompile Include="..\tools.cpp">
      <Filter>Source Files</Filter>
    </ClCompile>
    <ClCompile Include="..\trashholder.cpp">
      <Filter>Source Files</Filter>
    </ClCompile>
    <ClCompile Include="..\vocation.cpp">
      <Filter>Source Files</Filter>
    </ClCompile>
    <ClCompile Include="..\waitlist.cpp">
      <Filter>Source Files</Filter>
    </ClCompile>
    <ClCompile Include="..\weapons.cpp">
      <Filter>Source Files</Filter>
    </ClCompile>
    <ClCompile Include="..\otpch.cpp">
      <Filter>Source Files</Filter>
    </ClCompile>
    <ClCompile Include="..\globalevent.cpp">
      <Filter>Source Files</Filter>
    </ClCompile>
    <ClCompile Include="..\mount.cpp">
      <Filter>Source Files</Filter>
    </ClCompile>
  </ItemGroup>
  <ItemGroup>
    <ResourceCompile Include="otserv.rc">
      <Filter>Resource Files</Filter>
    </ResourceCompile>
  </ItemGroup>
</Project>