<?xml version="1.0" encoding="UTF-8" standalone="yes" ?>
<CodeBlocks_project_file>
	<FileVersion major="1" minor="6" />
	<Project>
		<Option title="otserv" />
		<Option pch_mode="2" />
		<Option compiler="gcc" />
		<Build>
			<Target title="Debug Windows">
				<Option platforms="Windows;" />
				<Option output="C:\otserv\otserv-debug" prefix_auto="1" extension_auto="1" />
				<Option working_dir="C:\otserv\" />
				<Option object_output="obj\Debug\" />
				<Option type="1" />
				<Option compiler="gcc" />
				<Compiler>
					<Add option="-pg" />
					<Add option="-g" />
					<Add option="-D__USE_SQLITE__" />
					<Add option="-D__USE_MYSQL__" />
					<Add option="-D__DEBUG__" />
					<Add option="-D__EXCEPTION_TRACER__" />
				</Compiler>
				<Linker>
					<Add option="-pg -lgmon" />
					<Add option="-llibxml2" />
					<Add option="-llibmysql" />
					<Add option="-llibsqlite3" />
					<Add option="-lgmp" />
					<Add option="-llua" />
					<Add option="-lboost_system-mgw44-mt-1_40" />
					<Add option="-lboost_thread-mgw44-mt-1_40" />
					<Add option="-llibboost_regex-mgw44-mt-1_40" />
					<Add option="-lwsock32" />
					<Add option="-lws2_32" />
					<Add option="-Wl,-Map=C:\otserv\otserv.map" />
				</Linker>
			</Target>
			<Target title="Release Windows">
				<Option platforms="Windows;" />
				<Option output="C:\otserv\otserv" prefix_auto="1" extension_auto="1" />
				<Option working_dir="C:\otserv\" />
				<Option object_output="obj\Release\" />
				<Option type="1" />
				<Option compiler="gcc" />
				<Compiler>
					<Add option="-O2" />
					<Add option="-D__USE_SQLITE__" />
					<Add option="-D__USE_MYSQL__" />
					<Add option="-D__SKULLSYSTEM__" />
				</Compiler>
				<Linker>
					<Add option="-s" />
					<Add option="-llibxml2" />
					<Add option="-llibmysql" />
					<Add option="-llibsqlite3" />
					<Add option="-lgmp" />
					<Add option="-llua" />
					<Add option="-llibboost_system-mgw44-mt-1_41" />
					<Add option="-llibboost_thread-mgw44-mt-1_41" />
					<Add option="-llibboost_regex-mgw44-mt-1_41" />
					<Add option="-lwsock32" />
					<Add option="-lws2_32" />
				</Linker>
			</Target>
			<Target title="Debug Unix">
				<Option platforms="Unix;" />
				<Option output="..\otserv" prefix_auto="0" extension_auto="0" />
				<Option working_dir="..\" />
				<Option type="1" />
				<Option compiler="gcc" />
				<Option use_console_runner="0" />
				<Compiler>
					<Add option="-pg" />
					<Add option="-g" />
					<Add option="-D__DEBUG__" />
					<Add option="-D__USE_SQLITE__" />
					<Add option="-D__EXCEPTION_TRACER__" />
					<Add option="-D__DEBUG_SCHEDULER__" />
					<Add option="-D__DEBUG_NET__" />
					<Add directory="\usr\include\libxml2\" />
					<Add directory="\usr\include\lua5.1\" />
				</Compiler>
				<Linker>
					<Add option="-pg -lgmon" />
					<Add option="-pg" />
					<Add library="mysqlclient" />
					<Add library="xml2" />
					<Add library="lua5.1" />
					<Add library="boost_regex" />
					<Add library="gmp" />
					<Add library="boost_system" />
					<Add library="boost_thread" />
					<Add library="sqlite3" />
				</Linker>
			</Target>
			<Target title="Release Unix">
				<Option platforms="Unix;" />
				<Option output="..\otserv" prefix_auto="0" extension_auto="0" />
				<Option working_dir="..\" />
				<Option type="1" />
				<Option compiler="gcc" />
				<Option use_console_runner="0" />
				<Compiler>
					<Add option="-O2" />
					<Add option="-D__USE_SQLITE__" />
					<Add option="-D__SKULLSYSTEM__" />
					<Add directory="\usr\include\libxml2\" />
					<Add directory="\usr\include\lua5.1\" />
				</Compiler>
				<Linker>
					<Add option="-s" />
					<Add library="mysqlclient" />
					<Add library="xml2" />
					<Add library="lua5.1" />
					<Add library="boost_regex" />
					<Add library="gmp" />
					<Add library="boost_system" />
					<Add library="boost_thread" />
					<Add library="sqlite3" />
				</Linker>
			</Target>
		</Build>
		<VirtualTargets>
			<Add alias="All" targets="Debug Windows;Release Windows;Debug Unix;Release Unix;" />
			<Add alias="All Debug" targets="Debug Windows;Debug Unix;" />
			<Add alias="All Release" targets="Release Windows;Release Unix;" />
		</VirtualTargets>
		<Compiler>
			<Add option="-Wall" />
			<Add option="-Wno-unused-parameter" />
		</Compiler>
		<Unit filename="..\AUTHORS" />
		<Unit filename="..\Doxyfile" />
		<Unit filename="..\LICENSE" />
		<Unit filename="..\Makefile.am" />
		<Unit filename="..\README" />
		<Unit filename="..\README.DATABASE" />
		<Unit filename="..\account.cpp" />
		<Unit filename="..\account.h" />
		<Unit filename="..\actions.cpp" />
		<Unit filename="..\actions.h" />
		<Unit filename="..\admin.cpp" />
		<Unit filename="..\admin.h" />
		<Unit filename="..\allocator.cpp" />
		<Unit filename="..\allocator.h" />
		<Unit filename="..\autogen.sh" />
		<Unit filename="..\ban.cpp" />
		<Unit filename="..\ban.h" />
		<Unit filename="..\baseevents.cpp" />
		<Unit filename="..\baseevents.h" />
		<Unit filename="..\beds.cpp" />
		<Unit filename="..\beds.h" />
		<Unit filename="otserv.rc">
			<Option compilerVar="WINDRES" />
			<Option target="Debug Windows" />
			<Option target="Release Windows" />
		</Unit>
		<Unit filename="..\chat.cpp" />
		<Unit filename="..\chat.h" />
		<Unit filename="..\combat.cpp" />
		<Unit filename="..\combat.h" />
		<Unit filename="..\condition.cpp" />
		<Unit filename="..\condition.h" />
		<Unit filename="..\config.lua.dist" />
		<Unit filename="..\configmanager.cpp" />
		<Unit filename="..\configmanager.h" />
		<Unit filename="..\configure.ac" />
		<Unit filename="..\connection.cpp" />
		<Unit filename="..\connection.h" />
		<Unit filename="..\const.h" />
		<Unit filename="..\container.cpp" />
		<Unit filename="..\container.h" />
		<Unit filename="..\creature.cpp" />
		<Unit filename="..\creature.h" />
		<Unit filename="..\creatureevent.cpp" />
		<Unit filename="..\creatureevent.h" />
		<Unit filename="..\cylinder.cpp" />
		<Unit filename="..\cylinder.h" />
		<Unit filename="..\database.cpp" />
		<Unit filename="..\database.h" />
		<Unit filename="..\databasemysql.cpp">
			<Option target="Debug Windows" />
			<Option target="Release Windows" />
		</Unit>
		<Unit filename="..\databasemysql.h" />
		<Unit filename="..\databaseodbc.cpp" />
		<Unit filename="..\databaseodbc.h" />
		<Unit filename="..\databasepgsql.cpp" />
		<Unit filename="..\databasepgsql.h" />
		<Unit filename="..\databasesqlite.cpp" />
		<Unit filename="..\databasesqlite.h" />
		<Unit filename="..\db.s3db" />
		<Unit filename="..\debianfix.sh" />
		<Unit filename="..\definitions.h" />
		<Unit filename="..\depot.cpp" />
		<Unit filename="..\depot.h" />
		<Unit filename="..\enums.h" />
		<Unit filename="..\exception.cpp" />
		<Unit filename="..\exception.h" />
		<Unit filename="..\fileloader.cpp" />
		<Unit filename="..\fileloader.h" />
		<Unit filename="..\game.cpp" />
		<Unit filename="..\game.h" />
		<Unit filename="..\guild.cpp" />
		<Unit filename="..\guild.h" />
		<Unit filename="..\house.cpp" />
		<Unit filename="..\house.h" />
		<Unit filename="..\housetile.cpp" />
		<Unit filename="..\housetile.h" />
		<Unit filename="..\ioaccount.cpp" />
		<Unit filename="..\ioaccount.h" />
		<Unit filename="..\iomap.h" />
		<Unit filename="..\iomapotbm.cpp" />
		<Unit filename="..\iomapotbm.h" />
		<Unit filename="..\iomapserialize.cpp" />
		<Unit filename="..\iomapserialize.h" />
		<Unit filename="..\ioplayer.cpp" />
		<Unit filename="..\ioplayer.h" />
		<Unit filename="..\item.cpp" />
		<Unit filename="..\item.h" />
		<Unit filename="..\itemloader.h" />
		<Unit filename="..\items.cpp" />
		<Unit filename="..\items.h" />
		<Unit filename="..\logger.cpp" />
		<Unit filename="..\logger.h" />
		<Unit filename="..\luascript.cpp" />
		<Unit filename="..\luascript.h" />
		<Unit filename="..\mailbox.cpp" />
		<Unit filename="..\mailbox.h" />
		<Unit filename="..\map.cpp" />
		<Unit filename="..\map.h" />
		<Unit filename="..\md5.cpp" />
		<Unit filename="..\md5.h" />
		<Unit filename="..\monster.cpp" />
		<Unit filename="..\monster.h" />
		<Unit filename="..\monsters.cpp" />
		<Unit filename="..\monsters.h" />
		<Unit filename="..\movement.cpp" />
		<Unit filename="..\movement.h" />
		<Unit filename="..\networkmessage.cpp" />
		<Unit filename="..\networkmessage.h" />
		<Unit filename="..\npc.cpp" />
		<Unit filename="..\npc.h" />
		<Unit filename="..\otpch.h" />
		<Unit filename="..\otserv.cpp" />
		<Unit filename="..\otserv.ico" />
		<Unit filename="..\otserv.kdevelop" />
		<Unit filename="..\otsystem.h" />
		<Unit filename="..\outfit.cpp" />
		<Unit filename="..\outfit.h" />
		<Unit filename="..\outputmessage.cpp" />
		<Unit filename="..\outputmessage.h" />
		<Unit filename="..\party.cpp" />
		<Unit filename="..\party.h" />
		<Unit filename="..\pch.mak" />
		<Unit filename="..\player.cpp" />
		<Unit filename="..\player.h" />
		<Unit filename="..\position.cpp" />
		<Unit filename="..\position.h" />
		<Unit filename="..\protocol.cpp" />
		<Unit filename="..\protocol.h" />
		<Unit filename="..\protocolgame.cpp" />
		<Unit filename="..\protocolgame.h" />
		<Unit filename="..\protocollogin.cpp" />
		<Unit filename="..\protocollogin.h" />
		<Unit filename="..\protocolold.cpp" />
		<Unit filename="..\protocolold.h" />
		<Unit filename="..\quests.cpp" />
		<Unit filename="..\quests.h" />
		<Unit filename="..\raids.cpp" />
		<Unit filename="..\raids.h" />
		<Unit filename="..\rsa.cpp" />
		<Unit filename="..\rsa.h" />
		<Unit filename="..\scheduler.cpp" />
		<Unit filename="..\scheduler.h" />
		<Unit filename="..\schema.mysql" />
		<Unit filename="..\schema.pgsql" />
		<Unit filename="..\schema.sqlite" />
		<Unit filename="..\scriptmanager.cpp" />
		<Unit filename="..\scriptmanager.h" />
		<Unit filename="..\server.cpp" />
		<Unit filename="..\server.h" />
		<Unit filename="..\sha1.cpp" />
		<Unit filename="..\sha1.h" />
		<Unit filename="..\spawn.cpp" />
		<Unit filename="..\spawn.h" />
		<Unit filename="..\spells.cpp" />
		<Unit filename="..\spells.h" />
		<Unit filename="..\status.cpp" />
		<Unit filename="..\status.h" />
		<Unit filename="..\talkaction.cpp" />
		<Unit filename="..\talkaction.h" />
		<Unit filename="..\tasks.cpp" />
		<Unit filename="..\tasks.h" />
		<Unit filename="..\teleport.cpp" />
		<Unit filename="..\teleport.h" />
		<Unit filename="..\templates.h" />
		<Unit filename="..\thing.cpp" />
		<Unit filename="..\thing.h" />
		<Unit filename="..\tile.cpp" />
		<Unit filename="..\tile.h" />
		<Unit filename="..\tools.cpp" />
		<Unit filename="..\tools.h" />
		<Unit filename="..\town.h" />
		<Unit filename="..\trashholder.cpp" />
		<Unit filename="..\trashholder.h" />
		<Unit filename="..\vocation.cpp" />
		<Unit filename="..\vocation.h" />
		<Unit filename="..\waitlist.cpp" />
		<Unit filename="..\waitlist.h" />
		<Unit filename="..\weapons.cpp" />
		<Unit filename="..\weapons.h" />
		<Extensions>
			<code_completion />
			<debugger />
			<envvars />
		</Extensions>
	</Project>
</CodeBlocks_project_file>
