// !$*UTF8*$!
{
	archiveVersion = 1;
	classes = {
	};
	objectVersion = 46;
	objects = {

/* Begin PBXBuildFile section */
		126406E915C29D1C00698E3C /* actor.cpp in Sources */ = {isa = PBXBuildFile; fileRef = 1264064115C29D1C00698E3C /* actor.cpp */; };
		126406EA15C29D1C00698E3C /* admin.cpp in Sources */ = {isa = PBXBuildFile; fileRef = 1264064315C29D1C00698E3C /* admin.cpp */; };
		126406EB15C29D1C00698E3C /* allocator.cpp in Sources */ = {isa = PBXBuildFile; fileRef = 1264064515C29D1C00698E3C /* allocator.cpp */; };
		126406EC15C29D1C00698E3C /* ban.cpp in Sources */ = {isa = PBXBuildFile; fileRef = 1264064915C29D1C00698E3C /* ban.cpp */; };
		126406ED15C29D1C00698E3C /* beds.cpp in Sources */ = {isa = PBXBuildFile; fileRef = 1264064B15C29D1C00698E3C /* beds.cpp */; };
		126406EE15C29D1C00698E3C /* chat.cpp in Sources */ = {isa = PBXBuildFile; fileRef = 1264064E15C29D1C00698E3C /* chat.cpp */; };
		126406EF15C29D1C00698E3C /* combat.cpp in Sources */ = {isa = PBXBuildFile; fileRef = 1264065115C29D1C00698E3C /* combat.cpp */; };
		126406F015C29D1C00698E3C /* condition_attributes.cpp in Sources */ = {isa = PBXBuildFile; fileRef = 1264065715C29D1C00698E3C /* condition_attributes.cpp */; };
		126406F115C29D1C00698E3C /* condition.cpp in Sources */ = {isa = PBXBuildFile; fileRef = 1264065A15C29D1C00698E3C /* condition.cpp */; };
		126406F215C29D1C00698E3C /* configmanager.cpp in Sources */ = {isa = PBXBuildFile; fileRef = 1264065C15C29D1C00698E3C /* configmanager.cpp */; };
		126406F315C29D1C00698E3C /* connection.cpp in Sources */ = {isa = PBXBuildFile; fileRef = 1264065F15C29D1C00698E3C /* connection.cpp */; };
		126406F415C29D1C00698E3C /* const.cpp in Sources */ = {isa = PBXBuildFile; fileRef = 1264066115C29D1C00698E3C /* const.cpp */; };
		126406F515C29D1C00698E3C /* container.cpp in Sources */ = {isa = PBXBuildFile; fileRef = 1264066415C29D1C00698E3C /* container.cpp */; };
		126406F615C29D1C00698E3C /* creature_manager.cpp in Sources */ = {isa = PBXBuildFile; fileRef = 1264066615C29D1C00698E3C /* creature_manager.cpp */; };
		126406F715C29D1C00698E3C /* creature_type.cpp in Sources */ = {isa = PBXBuildFile; fileRef = 1264066815C29D1C00698E3C /* creature_type.cpp */; };
		126406F815C29D1C00698E3C /* creature.cpp in Sources */ = {isa = PBXBuildFile; fileRef = 1264066A15C29D1C00698E3C /* creature.cpp */; };
		126406F915C29D1C00698E3C /* cylinder.cpp in Sources */ = {isa = PBXBuildFile; fileRef = 1264066C15C29D1C00698E3C /* cylinder.cpp */; };
		126406FA15C29D1C00698E3C /* database_driver_mysql.cpp in Sources */ = {isa = PBXBuildFile; fileRef = 1264066E15C29D1C00698E3C /* database_driver_mysql.cpp */; };
		126406FB15C29D1C00698E3C /* database_driver_odbc.cpp in Sources */ = {isa = PBXBuildFile; fileRef = 1264067015C29D1C00698E3C /* database_driver_odbc.cpp */; };
		126406FC15C29D1C00698E3C /* database_driver_pgsql.cpp in Sources */ = {isa = PBXBuildFile; fileRef = 1264067215C29D1C00698E3C /* database_driver_pgsql.cpp */; };
		126406FD15C29D1C00698E3C /* database_driver_sqlite.cpp in Sources */ = {isa = PBXBuildFile; fileRef = 1264067415C29D1C00698E3C /* database_driver_sqlite.cpp */; };
		126406FE15C29D1C00698E3C /* database_driver.cpp in Sources */ = {isa = PBXBuildFile; fileRef = 1264067615C29D1C00698E3C /* database_driver.cpp */; };
		126406FF15C29D1C00698E3C /* depot.cpp in Sources */ = {isa = PBXBuildFile; fileRef = 1264067915C29D1C00698E3C /* depot.cpp */; };
		1264070015C29D1C00698E3C /* enums.cpp in Sources */ = {isa = PBXBuildFile; fileRef = 1264067D15C29D1C00698E3C /* enums.cpp */; };
		1264070115C29D1C00698E3C /* exception.cpp in Sources */ = {isa = PBXBuildFile; fileRef = 1264068115C29D1C00698E3C /* exception.cpp */; };
		1264070215C29D1C00698E3C /* fileloader.cpp in Sources */ = {isa = PBXBuildFile; fileRef = 1264068315C29D1C00698E3C /* fileloader.cpp */; };
		1264070315C29D1C00698E3C /* game.cpp in Sources */ = {isa = PBXBuildFile; fileRef = 1264068515C29D1C00698E3C /* game.cpp */; };
		1264070415C29D1C00698E3C /* house.cpp in Sources */ = {isa = PBXBuildFile; fileRef = 1264068715C29D1C00698E3C /* house.cpp */; };
		1264070515C29D1C00698E3C /* housetile.cpp in Sources */ = {isa = PBXBuildFile; fileRef = 1264068915C29D1C00698E3C /* housetile.cpp */; };
		1264070615C29D1C00698E3C /* http_request.cpp in Sources */ = {isa = PBXBuildFile; fileRef = 1264068B15C29D1C00698E3C /* http_request.cpp */; };
		1264070715C29D1C00698E3C /* ioaccount.cpp in Sources */ = {isa = PBXBuildFile; fileRef = 1264068D15C29D1C00698E3C /* ioaccount.cpp */; };
		1264070815C29D1C00698E3C /* iomapotbm.cpp in Sources */ = {isa = PBXBuildFile; fileRef = 1264069015C29D1C00698E3C /* iomapotbm.cpp */; };
		1264070915C29D1C00698E3C /* iomapserialize.cpp in Sources */ = {isa = PBXBuildFile; fileRef = 1264069215C29D1C00698E3C /* iomapserialize.cpp */; };
		1264070A15C29D1C00698E3C /* ioplayer.cpp in Sources */ = {isa = PBXBuildFile; fileRef = 1264069415C29D1C00698E3C /* ioplayer.cpp */; };
		1264070B15C29D1C00698E3C /* item_attributes.cpp in Sources */ = {isa = PBXBuildFile; fileRef = 1264069615C29D1C00698E3C /* item_attributes.cpp */; };
		1264070C15C29D1C00698E3C /* item.cpp in Sources */ = {isa = PBXBuildFile; fileRef = 1264069815C29D1C00698E3C /* item.cpp */; };
		1264070D15C29D1C00698E3C /* items.cpp in Sources */ = {isa = PBXBuildFile; fileRef = 1264069B15C29D1C00698E3C /* items.cpp */; };
		1264070E15C29D1C00698E3C /* logger.cpp in Sources */ = {isa = PBXBuildFile; fileRef = 1264069D15C29D1C00698E3C /* logger.cpp */; };
		1264070F15C29D1C00698E3C /* lua_manager.cpp in Sources */ = {isa = PBXBuildFile; fileRef = 1264069F15C29D1C00698E3C /* lua_manager.cpp */; };
		1264071015C29D1C00698E3C /* map.cpp in Sources */ = {isa = PBXBuildFile; fileRef = 126406A215C29D1C00698E3C /* map.cpp */; };
		1264071115C29D1C00698E3C /* md5.cpp in Sources */ = {isa = PBXBuildFile; fileRef = 126406A415C29D1C00698E3C /* md5.cpp */; };
		1264071215C29D1C00698E3C /* networkmessage.cpp in Sources */ = {isa = PBXBuildFile; fileRef = 126406A615C29D1C00698E3C /* networkmessage.cpp */; };
		1264071315C29D1C00698E3C /* otpch.cpp in Sources */ = {isa = PBXBuildFile; fileRef = 126406A815C29D1C00698E3C /* otpch.cpp */; };
		1264071415C29D1C00698E3C /* otserv.cpp in Sources */ = {isa = PBXBuildFile; fileRef = 126406AA15C29D1C00698E3C /* otserv.cpp */; };
		1264071515C29D1C00698E3C /* outputmessage.cpp in Sources */ = {isa = PBXBuildFile; fileRef = 126406AD15C29D1C00698E3C /* outputmessage.cpp */; };
		1264071615C29D1C00698E3C /* party.cpp in Sources */ = {isa = PBXBuildFile; fileRef = 126406AF15C29D1C00698E3C /* party.cpp */; };
		1264071715C29D1C00698E3C /* player.cpp in Sources */ = {isa = PBXBuildFile; fileRef = 126406B115C29D1C00698E3C /* player.cpp */; };
		1264071815C29D1C00698E3C /* position.cpp in Sources */ = {isa = PBXBuildFile; fileRef = 126406B315C29D1C00698E3C /* position.cpp */; };
		1264071915C29D1C00698E3C /* protocol.cpp in Sources */ = {isa = PBXBuildFile; fileRef = 126406B515C29D1C00698E3C /* protocol.cpp */; };
		1264071A15C29D1C00698E3C /* protocolgame.cpp in Sources */ = {isa = PBXBuildFile; fileRef = 126406B715C29D1C00698E3C /* protocolgame.cpp */; };
		1264071B15C29D1C00698E3C /* protocollogin.cpp in Sources */ = {isa = PBXBuildFile; fileRef = 126406B915C29D1C00698E3C /* protocollogin.cpp */; };
		1264071C15C29D1C00698E3C /* protocolold.cpp in Sources */ = {isa = PBXBuildFile; fileRef = 126406BB15C29D1C00698E3C /* protocolold.cpp */; };
		1264071D15C29D1C00698E3C /* rsa.cpp in Sources */ = {isa = PBXBuildFile; fileRef = 126406BD15C29D1C00698E3C /* rsa.cpp */; };
		1264071E15C29D1C00698E3C /* scheduler.cpp in Sources */ = {isa = PBXBuildFile; fileRef = 126406BF15C29D1C00698E3C /* scheduler.cpp */; };
		1264071F15C29D1C00698E3C /* script_environment.cpp in Sources */ = {isa = PBXBuildFile; fileRef = 126406C415C29D1C00698E3C /* script_environment.cpp */; };
		1264072015C29D1C00698E3C /* script_event.cpp in Sources */ = {isa = PBXBuildFile; fileRef = 126406C615C29D1C00698E3C /* script_event.cpp */; };
		1264072115C29D1C00698E3C /* script_functions.cpp in Sources */ = {isa = PBXBuildFile; fileRef = 126406C815C29D1C00698E3C /* script_functions.cpp */; };
		1264072215C29D1C00698E3C /* script_listener.cpp in Sources */ = {isa = PBXBuildFile; fileRef = 126406C915C29D1C00698E3C /* script_listener.cpp */; };
		1264072315C29D1C00698E3C /* script_manager.cpp in Sources */ = {isa = PBXBuildFile; fileRef = 126406CB15C29D1C00698E3C /* script_manager.cpp */; };
		1264072415C29D1C00698E3C /* server.cpp in Sources */ = {isa = PBXBuildFile; fileRef = 126406CD15C29D1C00698E3C /* server.cpp */; };
		1264072515C29D1C00698E3C /* sha1.cpp in Sources */ = {isa = PBXBuildFile; fileRef = 126406CF15C29D1C00698E3C /* sha1.cpp */; };
		1264072615C29D1C00698E3C /* spawn.cpp in Sources */ = {isa = PBXBuildFile; fileRef = 126406D215C29D1C00698E3C /* spawn.cpp */; };
		1264072715C29D1C00698E3C /* status.cpp in Sources */ = {isa = PBXBuildFile; fileRef = 126406D415C29D1C00698E3C /* status.cpp */; };
		1264072815C29D1C00698E3C /* tasks.cpp in Sources */ = {isa = PBXBuildFile; fileRef = 126406D615C29D1C00698E3C /* tasks.cpp */; };
		1264072915C29D1C00698E3C /* teleport.cpp in Sources */ = {isa = PBXBuildFile; fileRef = 126406D815C29D1C00698E3C /* teleport.cpp */; };
		1264072A15C29D1C00698E3C /* thing.cpp in Sources */ = {isa = PBXBuildFile; fileRef = 126406DB15C29D1C00698E3C /* thing.cpp */; };
		1264072B15C29D1C00698E3C /* tile.cpp in Sources */ = {isa = PBXBuildFile; fileRef = 126406DD15C29D1C00698E3C /* tile.cpp */; };
		1264072C15C29D1C00698E3C /* tools.cpp in Sources */ = {isa = PBXBuildFile; fileRef = 126406DF15C29D1C00698E3C /* tools.cpp */; };
		1264072D15C29D1C00698E3C /* trashholder.cpp in Sources */ = {isa = PBXBuildFile; fileRef = 126406E215C29D1C00698E3C /* trashholder.cpp */; };
		1264072E15C29D1C00698E3C /* vocation.cpp in Sources */ = {isa = PBXBuildFile; fileRef = 126406E415C29D1C00698E3C /* vocation.cpp */; };
		1264072F15C29D1C00698E3C /* waitlist.cpp in Sources */ = {isa = PBXBuildFile; fileRef = 126406E615C29D1C00698E3C /* waitlist.cpp */; };
		12D2F81A15CBD9E300AF00C7 /* liblua.a in Frameworks */ = {isa = PBXBuildFile; fileRef = 12D2F81715CBD9E300AF00C7 /* liblua.a */; };
		12D2F82215CBDC8100AF00C7 /* libxml2.dylib in Frameworks */ = {isa = PBXBuildFile; fileRef = 12D2F82115CBDC8100AF00C7 /* libxml2.dylib */; };
		12D2F83415CBDE7500AF00C7 /* libboost_chrono.a in Frameworks */ = {isa = PBXBuildFile; fileRef = 12D2F82F15CBDE7500AF00C7 /* libboost_chrono.a */; };
		12D2F83515CBDE7500AF00C7 /* libboost_date_time.a in Frameworks */ = {isa = PBXBuildFile; fileRef = 12D2F83015CBDE7500AF00C7 /* libboost_date_time.a */; };
		12D2F83615CBDE7500AF00C7 /* libboost_filesystem.a in Frameworks */ = {isa = PBXBuildFile; fileRef = 12D2F83115CBDE7500AF00C7 /* libboost_filesystem.a */; };
		12D2F83715CBDE7500AF00C7 /* libboost_regex.a in Frameworks */ = {isa = PBXBuildFile; fileRef = 12D2F83215CBDE7500AF00C7 /* libboost_regex.a */; };
		12D2F83815CBDE7500AF00C7 /* libboost_thread.a in Frameworks */ = {isa = PBXBuildFile; fileRef = 12D2F83315CBDE7500AF00C7 /* libboost_thread.a */; };
		12D2F83A15CBDEA100AF00C7 /* libboost_system.a in Frameworks */ = {isa = PBXBuildFile; fileRef = 12D2F83915CBDEA100AF00C7 /* libboost_system.a */; };
		12D2F83C15CBDECA00AF00C7 /* libgmp.a in Frameworks */ = {isa = PBXBuildFile; fileRef = 12D2F83B15CBDECA00AF00C7 /* libgmp.a */; };
/* End PBXBuildFile section */

/* Begin PBXCopyFilesBuildPhase section */
		1264062C15C29CF200698E3C /* CopyFiles */ = {
			isa = PBXCopyFilesBuildPhase;
			buildActionMask = 12;
			dstPath = "";
			dstSubfolderSpec = 10;
			files = (
			);
			runOnlyForDeploymentPostprocessing = 0;
		};
/* End PBXCopyFilesBuildPhase section */

/* Begin PBXFileReference section */
		1264062E15C29CF200698E3C /* OpenTibia Server */ = {isa = PBXFileReference; explicitFileType = "compiled.mach-o.executable"; includeInIndex = 0; path = "OpenTibia Server"; sourceTree = BUILT_PRODUCTS_DIR; };
		1264064015C29D1C00698E3C /* account.h */ = {isa = PBXFileReference; fileEncoding = 4; lastKnownFileType = sourcecode.c.h; name = account.h; path = ../../src//account.h; sourceTree = "<group>"; };
		1264064115C29D1C00698E3C /* actor.cpp */ = {isa = PBXFileReference; fileEncoding = 4; lastKnownFileType = sourcecode.cpp.cpp; name = actor.cpp; path = ../../src//actor.cpp; sourceTree = "<group>"; };
		1264064215C29D1C00698E3C /* actor.h */ = {isa = PBXFileReference; fileEncoding = 4; lastKnownFileType = sourcecode.c.h; name = actor.h; path = ../../src//actor.h; sourceTree = "<group>"; };
		1264064315C29D1C00698E3C /* admin.cpp */ = {isa = PBXFileReference; fileEncoding = 4; lastKnownFileType = sourcecode.cpp.cpp; name = admin.cpp; path = ../../src/admin.cpp; sourceTree = "<group>"; };
		1264064415C29D1C00698E3C /* admin.h */ = {isa = PBXFileReference; fileEncoding = 4; lastKnownFileType = sourcecode.c.h; name = admin.h; path = ../../src//admin.h; sourceTree = "<group>"; };
		1264064515C29D1C00698E3C /* allocator.cpp */ = {isa = PBXFileReference; fileEncoding = 4; lastKnownFileType = sourcecode.cpp.cpp; name = allocator.cpp; path = ../../src//allocator.cpp; sourceTree = "<group>"; };
		1264064615C29D1C00698E3C /* allocator.h */ = {isa = PBXFileReference; fileEncoding = 4; lastKnownFileType = sourcecode.c.h; name = allocator.h; path = ../../src//allocator.h; sourceTree = "<group>"; };
		1264064715C29D1C00698E3C /* autogen.lua */ = {isa = PBXFileReference; fileEncoding = 4; lastKnownFileType = text; name = autogen.lua; path = ../../src//autogen.lua; sourceTree = "<group>"; };
		1264064815C29D1C00698E3C /* autogen.sh */ = {isa = PBXFileReference; fileEncoding = 4; lastKnownFileType = text.script.sh; name = autogen.sh; path = ../../src//autogen.sh; sourceTree = "<group>"; };
		1264064915C29D1C00698E3C /* ban.cpp */ = {isa = PBXFileReference; fileEncoding = 4; lastKnownFileType = sourcecode.cpp.cpp; name = ban.cpp; path = ../../src//ban.cpp; sourceTree = "<group>"; };
		1264064A15C29D1C00698E3C /* ban.h */ = {isa = PBXFileReference; fileEncoding = 4; lastKnownFileType = sourcecode.c.h; name = ban.h; path = ../../src//ban.h; sourceTree = "<group>"; };
		1264064B15C29D1C00698E3C /* beds.cpp */ = {isa = PBXFileReference; fileEncoding = 4; lastKnownFileType = sourcecode.cpp.cpp; name = beds.cpp; path = ../../src//beds.cpp; sourceTree = "<group>"; };
		1264064C15C29D1C00698E3C /* beds.h */ = {isa = PBXFileReference; fileEncoding = 4; lastKnownFileType = sourcecode.c.h; name = beds.h; path = ../../src//beds.h; sourceTree = "<group>"; };
		1264064D15C29D1C00698E3C /* boost_common.h */ = {isa = PBXFileReference; fileEncoding = 4; lastKnownFileType = sourcecode.c.h; name = boost_common.h; path = ../../src//boost_common.h; sourceTree = "<group>"; };
		1264064E15C29D1C00698E3C /* chat.cpp */ = {isa = PBXFileReference; fileEncoding = 4; lastKnownFileType = sourcecode.cpp.cpp; name = chat.cpp; path = ../../src//chat.cpp; sourceTree = "<group>"; };
		1264064F15C29D1C00698E3C /* chat.h */ = {isa = PBXFileReference; fileEncoding = 4; lastKnownFileType = sourcecode.c.h; name = chat.h; path = ../../src//chat.h; sourceTree = "<group>"; };
		1264065015C29D1C00698E3C /* classes.h */ = {isa = PBXFileReference; fileEncoding = 4; lastKnownFileType = sourcecode.c.h; name = classes.h; path = ../../src//classes.h; sourceTree = "<group>"; };
		1264065115C29D1C00698E3C /* combat.cpp */ = {isa = PBXFileReference; fileEncoding = 4; lastKnownFileType = sourcecode.cpp.cpp; name = combat.cpp; path = ../../src//combat.cpp; sourceTree = "<group>"; };
		1264065215C29D1C00698E3C /* combat.h */ = {isa = PBXFileReference; fileEncoding = 4; lastKnownFileType = sourcecode.c.h; name = combat.h; path = ../../src//combat.h; sourceTree = "<group>"; };
		1264065415C29D1C00698E3C /* gcc.h */ = {isa = PBXFileReference; fileEncoding = 4; lastKnownFileType = sourcecode.c.h; path = gcc.h; sourceTree = "<group>"; };
		1264065515C29D1C00698E3C /* msvc.h */ = {isa = PBXFileReference; fileEncoding = 4; lastKnownFileType = sourcecode.c.h; path = msvc.h; sourceTree = "<group>"; };
		1264065615C29D1C00698E3C /* workarounds.h */ = {isa = PBXFileReference; fileEncoding = 4; lastKnownFileType = sourcecode.c.h; path = workarounds.h; sourceTree = "<group>"; };
		1264065715C29D1C00698E3C /* condition_attributes.cpp */ = {isa = PBXFileReference; fileEncoding = 4; lastKnownFileType = sourcecode.cpp.cpp; name = condition_attributes.cpp; path = ../../src//condition_attributes.cpp; sourceTree = "<group>"; };
		1264065815C29D1C00698E3C /* condition_attributes.h */ = {isa = PBXFileReference; fileEncoding = 4; lastKnownFileType = sourcecode.c.h; name = condition_attributes.h; path = ../../src//condition_attributes.h; sourceTree = "<group>"; };
		1264065915C29D1C00698E3C /* condition_attributes.lua */ = {isa = PBXFileReference; fileEncoding = 4; lastKnownFileType = text; name = condition_attributes.lua; path = ../../src//condition_attributes.lua; sourceTree = "<group>"; };
		1264065A15C29D1C00698E3C /* condition.cpp */ = {isa = PBXFileReference; fileEncoding = 4; lastKnownFileType = sourcecode.cpp.cpp; name = condition.cpp; path = ../../src//condition.cpp; sourceTree = "<group>"; };
		1264065B15C29D1C00698E3C /* condition.h */ = {isa = PBXFileReference; fileEncoding = 4; lastKnownFileType = sourcecode.c.h; name = condition.h; path = ../../src//condition.h; sourceTree = "<group>"; };
		1264065C15C29D1C00698E3C /* configmanager.cpp */ = {isa = PBXFileReference; fileEncoding = 4; lastKnownFileType = sourcecode.cpp.cpp; name = configmanager.cpp; path = ../../src//configmanager.cpp; sourceTree = "<group>"; };
		1264065D15C29D1C00698E3C /* configmanager.h */ = {isa = PBXFileReference; fileEncoding = 4; lastKnownFileType = sourcecode.c.h; name = configmanager.h; path = ../../src//configmanager.h; sourceTree = "<group>"; };
		1264065E15C29D1C00698E3C /* configure.ac */ = {isa = PBXFileReference; fileEncoding = 4; lastKnownFileType = text; name = configure.ac; path = ../../src//configure.ac; sourceTree = "<group>"; };
		1264065F15C29D1C00698E3C /* connection.cpp */ = {isa = PBXFileReference; fileEncoding = 4; lastKnownFileType = sourcecode.cpp.cpp; name = connection.cpp; path = ../../src//connection.cpp; sourceTree = "<group>"; };
		1264066015C29D1C00698E3C /* connection.h */ = {isa = PBXFileReference; fileEncoding = 4; lastKnownFileType = sourcecode.c.h; name = connection.h; path = ../../src//connection.h; sourceTree = "<group>"; };
		1264066115C29D1C00698E3C /* const.cpp */ = {isa = PBXFileReference; fileEncoding = 4; lastKnownFileType = sourcecode.cpp.cpp; name = const.cpp; path = ../../src//const.cpp; sourceTree = "<group>"; };
		1264066215C29D1C00698E3C /* const.h */ = {isa = PBXFileReference; fileEncoding = 4; lastKnownFileType = sourcecode.c.h; name = const.h; path = ../../src//const.h; sourceTree = "<group>"; };
		1264066315C29D1C00698E3C /* const.lua */ = {isa = PBXFileReference; fileEncoding = 4; lastKnownFileType = text; name = const.lua; path = ../../src//const.lua; sourceTree = "<group>"; };
		1264066415C29D1C00698E3C /* container.cpp */ = {isa = PBXFileReference; fileEncoding = 4; lastKnownFileType = sourcecode.cpp.cpp; name = container.cpp; path = ../../src//container.cpp; sourceTree = "<group>"; };
		1264066515C29D1C00698E3C /* container.h */ = {isa = PBXFileReference; fileEncoding = 4; lastKnownFileType = sourcecode.c.h; name = container.h; path = ../../src//container.h; sourceTree = "<group>"; };
		1264066615C29D1C00698E3C /* creature_manager.cpp */ = {isa = PBXFileReference; fileEncoding = 4; lastKnownFileType = sourcecode.cpp.cpp; name = creature_manager.cpp; path = ../../src//creature_manager.cpp; sourceTree = "<group>"; };
		1264066715C29D1C00698E3C /* creature_manager.h */ = {isa = PBXFileReference; fileEncoding = 4; lastKnownFileType = sourcecode.c.h; name = creature_manager.h; path = ../../src//creature_manager.h; sourceTree = "<group>"; };
		1264066815C29D1C00698E3C /* creature_type.cpp */ = {isa = PBXFileReference; fileEncoding = 4; lastKnownFileType = sourcecode.cpp.cpp; name = creature_type.cpp; path = ../../src//creature_type.cpp; sourceTree = "<group>"; };
		1264066915C29D1C00698E3C /* creature_type.h */ = {isa = PBXFileReference; fileEncoding = 4; lastKnownFileType = sourcecode.c.h; name = creature_type.h; path = ../../src//creature_type.h; sourceTree = "<group>"; };
		1264066A15C29D1C00698E3C /* creature.cpp */ = {isa = PBXFileReference; fileEncoding = 4; lastKnownFileType = sourcecode.cpp.cpp; name = creature.cpp; path = ../../src//creature.cpp; sourceTree = "<group>"; };
		1264066B15C29D1C00698E3C /* creature.h */ = {isa = PBXFileReference; fileEncoding = 4; lastKnownFileType = sourcecode.c.h; name = creature.h; path = ../../src//creature.h; sourceTree = "<group>"; };
		1264066C15C29D1C00698E3C /* cylinder.cpp */ = {isa = PBXFileReference; fileEncoding = 4; lastKnownFileType = sourcecode.cpp.cpp; name = cylinder.cpp; path = ../../src//cylinder.cpp; sourceTree = "<group>"; };
		1264066D15C29D1C00698E3C /* cylinder.h */ = {isa = PBXFileReference; fileEncoding = 4; lastKnownFileType = sourcecode.c.h; name = cylinder.h; path = ../../src//cylinder.h; sourceTree = "<group>"; };
		1264066E15C29D1C00698E3C /* database_driver_mysql.cpp */ = {isa = PBXFileReference; fileEncoding = 4; lastKnownFileType = sourcecode.cpp.cpp; name = database_driver_mysql.cpp; path = ../../src//database_driver_mysql.cpp; sourceTree = "<group>"; };
		1264066F15C29D1C00698E3C /* database_driver_mysql.h */ = {isa = PBXFileReference; fileEncoding = 4; lastKnownFileType = sourcecode.c.h; name = database_driver_mysql.h; path = ../../src//database_driver_mysql.h; sourceTree = "<group>"; };
		1264067015C29D1C00698E3C /* database_driver_odbc.cpp */ = {isa = PBXFileReference; fileEncoding = 4; lastKnownFileType = sourcecode.cpp.cpp; name = database_driver_odbc.cpp; path = ../../src//database_driver_odbc.cpp; sourceTree = "<group>"; };
		1264067115C29D1C00698E3C /* database_driver_odbc.h */ = {isa = PBXFileReference; fileEncoding = 4; lastKnownFileType = sourcecode.c.h; name = database_driver_odbc.h; path = ../../src//database_driver_odbc.h; sourceTree = "<group>"; };
		1264067215C29D1C00698E3C /* database_driver_pgsql.cpp */ = {isa = PBXFileReference; fileEncoding = 4; lastKnownFileType = sourcecode.cpp.cpp; name = database_driver_pgsql.cpp; path = ../../src//database_driver_pgsql.cpp; sourceTree = "<group>"; };
		1264067315C29D1C00698E3C /* database_driver_pgsql.h */ = {isa = PBXFileReference; fileEncoding = 4; lastKnownFileType = sourcecode.c.h; name = database_driver_pgsql.h; path = ../../src//database_driver_pgsql.h; sourceTree = "<group>"; };
		1264067415C29D1C00698E3C /* database_driver_sqlite.cpp */ = {isa = PBXFileReference; fileEncoding = 4; lastKnownFileType = sourcecode.cpp.cpp; name = database_driver_sqlite.cpp; path = ../../src//database_driver_sqlite.cpp; sourceTree = "<group>"; };
		1264067515C29D1C00698E3C /* database_driver_sqlite.h */ = {isa = PBXFileReference; fileEncoding = 4; lastKnownFileType = sourcecode.c.h; name = database_driver_sqlite.h; path = ../../src//database_driver_sqlite.h; sourceTree = "<group>"; };
		1264067615C29D1C00698E3C /* database_driver.cpp */ = {isa = PBXFileReference; fileEncoding = 4; lastKnownFileType = sourcecode.cpp.cpp; name = database_driver.cpp; path = ../../src//database_driver.cpp; sourceTree = "<group>"; };
		1264067715C29D1C00698E3C /* database_driver.h */ = {isa = PBXFileReference; fileEncoding = 4; lastKnownFileType = sourcecode.c.h; name = database_driver.h; path = ../../src//database_driver.h; sourceTree = "<group>"; };
		1264067815C29D1C00698E3C /* definitions.h */ = {isa = PBXFileReference; fileEncoding = 4; lastKnownFileType = sourcecode.c.h; name = definitions.h; path = ../../src//definitions.h; sourceTree = "<group>"; };
		1264067915C29D1C00698E3C /* depot.cpp */ = {isa = PBXFileReference; fileEncoding = 4; lastKnownFileType = sourcecode.cpp.cpp; name = depot.cpp; path = ../../src//depot.cpp; sourceTree = "<group>"; };
		1264067A15C29D1C00698E3C /* depot.h */ = {isa = PBXFileReference; fileEncoding = 4; lastKnownFileType = sourcecode.c.h; name = depot.h; path = ../../src//depot.h; sourceTree = "<group>"; };
		1264067B15C29D1C00698E3C /* enum.h */ = {isa = PBXFileReference; fileEncoding = 4; lastKnownFileType = sourcecode.c.h; name = enum.h; path = ../../src//enum.h; sourceTree = "<group>"; };
		1264067C15C29D1C00698E3C /* enum.lua */ = {isa = PBXFileReference; fileEncoding = 4; lastKnownFileType = text; name = enum.lua; path = ../../src//enum.lua; sourceTree = "<group>"; };
		1264067D15C29D1C00698E3C /* enums.cpp */ = {isa = PBXFileReference; fileEncoding = 4; lastKnownFileType = sourcecode.cpp.cpp; name = enums.cpp; path = ../../src//enums.cpp; sourceTree = "<group>"; };
		1264067E15C29D1C00698E3C /* enums.h */ = {isa = PBXFileReference; fileEncoding = 4; lastKnownFileType = sourcecode.c.h; name = enums.h; path = ../../src//enums.h; sourceTree = "<group>"; };
		1264067F15C29D1C00698E3C /* enums.lua */ = {isa = PBXFileReference; fileEncoding = 4; lastKnownFileType = text; name = enums.lua; path = ../../src//enums.lua; sourceTree = "<group>"; };
		1264068015C29D1C00698E3C /* error_module.lua */ = {isa = PBXFileReference; fileEncoding = 4; lastKnownFileType = text; name = error_module.lua; path = ../../src//error_module.lua; sourceTree = "<group>"; };
		1264068115C29D1C00698E3C /* exception.cpp */ = {isa = PBXFileReference; fileEncoding = 4; lastKnownFileType = sourcecode.cpp.cpp; name = exception.cpp; path = ../../src//exception.cpp; sourceTree = "<group>"; };
		1264068215C29D1C00698E3C /* exception.h */ = {isa = PBXFileReference; fileEncoding = 4; lastKnownFileType = sourcecode.c.h; name = exception.h; path = ../../src//exception.h; sourceTree = "<group>"; };
		1264068315C29D1C00698E3C /* fileloader.cpp */ = {isa = PBXFileReference; fileEncoding = 4; lastKnownFileType = sourcecode.cpp.cpp; name = fileloader.cpp; path = ../../src//fileloader.cpp; sourceTree = "<group>"; };
		1264068415C29D1C00698E3C /* fileloader.h */ = {isa = PBXFileReference; fileEncoding = 4; lastKnownFileType = sourcecode.c.h; name = fileloader.h; path = ../../src//fileloader.h; sourceTree = "<group>"; };
		1264068515C29D1C00698E3C /* game.cpp */ = {isa = PBXFileReference; fileEncoding = 4; lastKnownFileType = sourcecode.cpp.cpp; name = game.cpp; path = ../../src//game.cpp; sourceTree = "<group>"; };
		1264068615C29D1C00698E3C /* game.h */ = {isa = PBXFileReference; fileEncoding = 4; lastKnownFileType = sourcecode.c.h; name = game.h; path = ../../src//game.h; sourceTree = "<group>"; };
		1264068715C29D1C00698E3C /* house.cpp */ = {isa = PBXFileReference; fileEncoding = 4; lastKnownFileType = sourcecode.cpp.cpp; name = house.cpp; path = ../../src//house.cpp; sourceTree = "<group>"; };
		1264068815C29D1C00698E3C /* house.h */ = {isa = PBXFileReference; fileEncoding = 4; lastKnownFileType = sourcecode.c.h; name = house.h; path = ../../src//house.h; sourceTree = "<group>"; };
		1264068915C29D1C00698E3C /* housetile.cpp */ = {isa = PBXFileReference; fileEncoding = 4; lastKnownFileType = sourcecode.cpp.cpp; name = housetile.cpp; path = ../../src//housetile.cpp; sourceTree = "<group>"; };
		1264068A15C29D1C00698E3C /* housetile.h */ = {isa = PBXFileReference; fileEncoding = 4; lastKnownFileType = sourcecode.c.h; name = housetile.h; path = ../../src//housetile.h; sourceTree = "<group>"; };
		1264068B15C29D1C00698E3C /* http_request.cpp */ = {isa = PBXFileReference; fileEncoding = 4; lastKnownFileType = sourcecode.cpp.cpp; name = http_request.cpp; path = ../../src//http_request.cpp; sourceTree = "<group>"; };
		1264068C15C29D1C00698E3C /* http_request.h */ = {isa = PBXFileReference; fileEncoding = 4; lastKnownFileType = sourcecode.c.h; name = http_request.h; path = ../../src//http_request.h; sourceTree = "<group>"; };
		1264068D15C29D1C00698E3C /* ioaccount.cpp */ = {isa = PBXFileReference; fileEncoding = 4; lastKnownFileType = sourcecode.cpp.cpp; name = ioaccount.cpp; path = ../../src//ioaccount.cpp; sourceTree = "<group>"; };
		1264068E15C29D1C00698E3C /* ioaccount.h */ = {isa = PBXFileReference; fileEncoding = 4; lastKnownFileType = sourcecode.c.h; name = ioaccount.h; path = ../../src//ioaccount.h; sourceTree = "<group>"; };
		1264068F15C29D1C00698E3C /* iomap.h */ = {isa = PBXFileReference; fileEncoding = 4; lastKnownFileType = sourcecode.c.h; name = iomap.h; path = ../../src//iomap.h; sourceTree = "<group>"; };
		1264069015C29D1C00698E3C /* iomapotbm.cpp */ = {isa = PBXFileReference; fileEncoding = 4; lastKnownFileType = sourcecode.cpp.cpp; name = iomapotbm.cpp; path = ../../src//iomapotbm.cpp; sourceTree = "<group>"; };
		1264069115C29D1C00698E3C /* iomapotbm.h */ = {isa = PBXFileReference; fileEncoding = 4; lastKnownFileType = sourcecode.c.h; name = iomapotbm.h; path = ../../src//iomapotbm.h; sourceTree = "<group>"; };
		1264069215C29D1C00698E3C /* iomapserialize.cpp */ = {isa = PBXFileReference; fileEncoding = 4; lastKnownFileType = sourcecode.cpp.cpp; name = iomapserialize.cpp; path = ../../src//iomapserialize.cpp; sourceTree = "<group>"; };
		1264069315C29D1C00698E3C /* iomapserialize.h */ = {isa = PBXFileReference; fileEncoding = 4; lastKnownFileType = sourcecode.c.h; name = iomapserialize.h; path = ../../src//iomapserialize.h; sourceTree = "<group>"; };
		1264069415C29D1C00698E3C /* ioplayer.cpp */ = {isa = PBXFileReference; fileEncoding = 4; lastKnownFileType = sourcecode.cpp.cpp; name = ioplayer.cpp; path = ../../src//ioplayer.cpp; sourceTree = "<group>"; };
		1264069515C29D1C00698E3C /* ioplayer.h */ = {isa = PBXFileReference; fileEncoding = 4; lastKnownFileType = sourcecode.c.h; name = ioplayer.h; path = ../../src//ioplayer.h; sourceTree = "<group>"; };
		1264069615C29D1C00698E3C /* item_attributes.cpp */ = {isa = PBXFileReference; fileEncoding = 4; lastKnownFileType = sourcecode.cpp.cpp; name = item_attributes.cpp; path = ../../src//item_attributes.cpp; sourceTree = "<group>"; };
		1264069715C29D1C00698E3C /* item_attributes.h */ = {isa = PBXFileReference; fileEncoding = 4; lastKnownFileType = sourcecode.c.h; name = item_attributes.h; path = ../../src//item_attributes.h; sourceTree = "<group>"; };
		1264069815C29D1C00698E3C /* item.cpp */ = {isa = PBXFileReference; fileEncoding = 4; lastKnownFileType = sourcecode.cpp.cpp; name = item.cpp; path = ../../src//item.cpp; sourceTree = "<group>"; };
		1264069915C29D1C00698E3C /* item.h */ = {isa = PBXFileReference; fileEncoding = 4; lastKnownFileType = sourcecode.c.h; name = item.h; path = ../../src//item.h; sourceTree = "<group>"; };
		1264069A15C29D1C00698E3C /* itemloader.h */ = {isa = PBXFileReference; fileEncoding = 4; lastKnownFileType = sourcecode.c.h; name = itemloader.h; path = ../../src//itemloader.h; sourceTree = "<group>"; };
		1264069B15C29D1C00698E3C /* items.cpp */ = {isa = PBXFileReference; fileEncoding = 4; lastKnownFileType = sourcecode.cpp.cpp; name = items.cpp; path = ../../src//items.cpp; sourceTree = "<group>"; };
		1264069C15C29D1C00698E3C /* items.h */ = {isa = PBXFileReference; fileEncoding = 4; lastKnownFileType = sourcecode.c.h; name = items.h; path = ../../src//items.h; sourceTree = "<group>"; };
		1264069D15C29D1C00698E3C /* logger.cpp */ = {isa = PBXFileReference; fileEncoding = 4; lastKnownFileType = sourcecode.cpp.cpp; name = logger.cpp; path = ../../src//logger.cpp; sourceTree = "<group>"; };
		1264069E15C29D1C00698E3C /* logger.h */ = {isa = PBXFileReference; fileEncoding = 4; lastKnownFileType = sourcecode.c.h; name = logger.h; path = ../../src//logger.h; sourceTree = "<group>"; };
		1264069F15C29D1C00698E3C /* lua_manager.cpp */ = {isa = PBXFileReference; fileEncoding = 4; lastKnownFileType = sourcecode.cpp.cpp; name = lua_manager.cpp; path = ../../src//lua_manager.cpp; sourceTree = "<group>"; };
		126406A015C29D1C00698E3C /* lua_manager.h */ = {isa = PBXFileReference; fileEncoding = 4; lastKnownFileType = sourcecode.c.h; name = lua_manager.h; path = ../../src//lua_manager.h; sourceTree = "<group>"; };
		126406A115C29D1C00698E3C /* Makefile.am */ = {isa = PBXFileReference; fileEncoding = 4; lastKnownFileType = text; name = Makefile.am; path = ../../src//Makefile.am; sourceTree = "<group>"; };
		126406A215C29D1C00698E3C /* map.cpp */ = {isa = PBXFileReference; fileEncoding = 4; lastKnownFileType = sourcecode.cpp.cpp; name = map.cpp; path = ../../src//map.cpp; sourceTree = "<group>"; };
		126406A315C29D1C00698E3C /* map.h */ = {isa = PBXFileReference; fileEncoding = 4; lastKnownFileType = sourcecode.c.h; name = map.h; path = ../../src//map.h; sourceTree = "<group>"; };
		126406A415C29D1C00698E3C /* md5.cpp */ = {isa = PBXFileReference; fileEncoding = 4; lastKnownFileType = sourcecode.cpp.cpp; name = md5.cpp; path = ../../src//md5.cpp; sourceTree = "<group>"; };
		126406A515C29D1C00698E3C /* md5.h */ = {isa = PBXFileReference; fileEncoding = 4; lastKnownFileType = sourcecode.c.h; name = md5.h; path = ../../src//md5.h; sourceTree = "<group>"; };
		126406A615C29D1C00698E3C /* networkmessage.cpp */ = {isa = PBXFileReference; fileEncoding = 4; lastKnownFileType = sourcecode.cpp.cpp; name = networkmessage.cpp; path = ../../src//networkmessage.cpp; sourceTree = "<group>"; };
		126406A715C29D1C00698E3C /* networkmessage.h */ = {isa = PBXFileReference; fileEncoding = 4; lastKnownFileType = sourcecode.c.h; name = networkmessage.h; path = ../../src//networkmessage.h; sourceTree = "<group>"; };
		126406A815C29D1C00698E3C /* otpch.cpp */ = {isa = PBXFileReference; fileEncoding = 4; lastKnownFileType = sourcecode.cpp.cpp; name = otpch.cpp; path = ../../src//otpch.cpp; sourceTree = "<group>"; };
		126406A915C29D1C00698E3C /* otpch.h */ = {isa = PBXFileReference; fileEncoding = 4; lastKnownFileType = sourcecode.c.h; name = otpch.h; path = ../../src//otpch.h; sourceTree = "<group>"; };
		126406AA15C29D1C00698E3C /* otserv.cpp */ = {isa = PBXFileReference; fileEncoding = 4; lastKnownFileType = sourcecode.cpp.cpp; name = otserv.cpp; path = ../../src//otserv.cpp; sourceTree = "<group>"; };
		126406AB15C29D1C00698E3C /* otsystem.h */ = {isa = PBXFileReference; fileEncoding = 4; lastKnownFileType = sourcecode.c.h; name = otsystem.h; path = ../../src//otsystem.h; sourceTree = "<group>"; };
		126406AC15C29D1C00698E3C /* outfit.h */ = {isa = PBXFileReference; fileEncoding = 4; lastKnownFileType = sourcecode.c.h; name = outfit.h; path = ../../src//outfit.h; sourceTree = "<group>"; };
		126406AD15C29D1C00698E3C /* outputmessage.cpp */ = {isa = PBXFileReference; fileEncoding = 4; lastKnownFileType = sourcecode.cpp.cpp; name = outputmessage.cpp; path = ../../src//outputmessage.cpp; sourceTree = "<group>"; };
		126406AE15C29D1C00698E3C /* outputmessage.h */ = {isa = PBXFileReference; fileEncoding = 4; lastKnownFileType = sourcecode.c.h; name = outputmessage.h; path = ../../src//outputmessage.h; sourceTree = "<group>"; };
		126406AF15C29D1C00698E3C /* party.cpp */ = {isa = PBXFileReference; fileEncoding = 4; lastKnownFileType = sourcecode.cpp.cpp; name = party.cpp; path = ../../src//party.cpp; sourceTree = "<group>"; };
		126406B015C29D1C00698E3C /* party.h */ = {isa = PBXFileReference; fileEncoding = 4; lastKnownFileType = sourcecode.c.h; name = party.h; path = ../../src//party.h; sourceTree = "<group>"; };
		126406B115C29D1C00698E3C /* player.cpp */ = {isa = PBXFileReference; fileEncoding = 4; lastKnownFileType = sourcecode.cpp.cpp; name = player.cpp; path = ../../src//player.cpp; sourceTree = "<group>"; };
		126406B215C29D1C00698E3C /* player.h */ = {isa = PBXFileReference; fileEncoding = 4; lastKnownFileType = sourcecode.c.h; name = player.h; path = ../../src//player.h; sourceTree = "<group>"; };
		126406B315C29D1C00698E3C /* position.cpp */ = {isa = PBXFileReference; fileEncoding = 4; lastKnownFileType = sourcecode.cpp.cpp; name = position.cpp; path = ../../src//position.cpp; sourceTree = "<group>"; };
		126406B415C29D1C00698E3C /* position.h */ = {isa = PBXFileReference; fileEncoding = 4; lastKnownFileType = sourcecode.c.h; name = position.h; path = ../../src//position.h; sourceTree = "<group>"; };
		126406B515C29D1C00698E3C /* protocol.cpp */ = {isa = PBXFileReference; fileEncoding = 4; lastKnownFileType = sourcecode.cpp.cpp; name = protocol.cpp; path = ../../src//protocol.cpp; sourceTree = "<group>"; };
		126406B615C29D1C00698E3C /* protocol.h */ = {isa = PBXFileReference; fileEncoding = 4; lastKnownFileType = sourcecode.c.h; name = protocol.h; path = ../../src//protocol.h; sourceTree = "<group>"; };
		126406B715C29D1C00698E3C /* protocolgame.cpp */ = {isa = PBXFileReference; fileEncoding = 4; lastKnownFileType = sourcecode.cpp.cpp; name = protocolgame.cpp; path = ../../src//protocolgame.cpp; sourceTree = "<group>"; };
		126406B815C29D1C00698E3C /* protocolgame.h */ = {isa = PBXFileReference; fileEncoding = 4; lastKnownFileType = sourcecode.c.h; name = protocolgame.h; path = ../../src//protocolgame.h; sourceTree = "<group>"; };
		126406B915C29D1C00698E3C /* protocollogin.cpp */ = {isa = PBXFileReference; fileEncoding = 4; lastKnownFileType = sourcecode.cpp.cpp; name = protocollogin.cpp; path = ../../src//protocollogin.cpp; sourceTree = "<group>"; };
		126406BA15C29D1C00698E3C /* protocollogin.h */ = {isa = PBXFileReference; fileEncoding = 4; lastKnownFileType = sourcecode.c.h; name = protocollogin.h; path = ../../src//protocollogin.h; sourceTree = "<group>"; };
		126406BB15C29D1C00698E3C /* protocolold.cpp */ = {isa = PBXFileReference; fileEncoding = 4; lastKnownFileType = sourcecode.cpp.cpp; name = protocolold.cpp; path = ../../src//protocolold.cpp; sourceTree = "<group>"; };
		126406BC15C29D1C00698E3C /* protocolold.h */ = {isa = PBXFileReference; fileEncoding = 4; lastKnownFileType = sourcecode.c.h; name = protocolold.h; path = ../../src//protocolold.h; sourceTree = "<group>"; };
		126406BD15C29D1C00698E3C /* rsa.cpp */ = {isa = PBXFileReference; fileEncoding = 4; lastKnownFileType = sourcecode.cpp.cpp; name = rsa.cpp; path = ../../src//rsa.cpp; sourceTree = "<group>"; };
		126406BE15C29D1C00698E3C /* rsa.h */ = {isa = PBXFileReference; fileEncoding = 4; lastKnownFileType = sourcecode.c.h; name = rsa.h; path = ../../src//rsa.h; sourceTree = "<group>"; };
		126406BF15C29D1C00698E3C /* scheduler.cpp */ = {isa = PBXFileReference; fileEncoding = 4; lastKnownFileType = sourcecode.cpp.cpp; name = scheduler.cpp; path = ../../src//scheduler.cpp; sourceTree = "<group>"; };
		126406C015C29D1C00698E3C /* scheduler.h */ = {isa = PBXFileReference; fileEncoding = 4; lastKnownFileType = sourcecode.c.h; name = scheduler.h; path = ../../src//scheduler.h; sourceTree = "<group>"; };
		126406C115C29D1C00698E3C /* schema.mysql */ = {isa = PBXFileReference; fileEncoding = 4; lastKnownFileType = text; name = schema.mysql; path = ../../src//schema.mysql; sourceTree = "<group>"; };
		126406C215C29D1C00698E3C /* schema.pgsql */ = {isa = PBXFileReference; fileEncoding = 4; lastKnownFileType = text; name = schema.pgsql; path = ../../src//schema.pgsql; sourceTree = "<group>"; };
		126406C315C29D1C00698E3C /* schema.sqlite */ = {isa = PBXFileReference; fileEncoding = 4; lastKnownFileType = text; name = schema.sqlite; path = ../../src//schema.sqlite; sourceTree = "<group>"; };
		126406C415C29D1C00698E3C /* script_environment.cpp */ = {isa = PBXFileReference; fileEncoding = 4; lastKnownFileType = sourcecode.cpp.cpp; name = script_environment.cpp; path = ../../src//script_environment.cpp; sourceTree = "<group>"; };
		126406C515C29D1C00698E3C /* script_environment.h */ = {isa = PBXFileReference; fileEncoding = 4; lastKnownFileType = sourcecode.c.h; name = script_environment.h; path = ../../src//script_environment.h; sourceTree = "<group>"; };
		126406C615C29D1C00698E3C /* script_event.cpp */ = {isa = PBXFileReference; fileEncoding = 4; lastKnownFileType = sourcecode.cpp.cpp; name = script_event.cpp; path = ../../src//script_event.cpp; sourceTree = "<group>"; };
		126406C715C29D1C00698E3C /* script_event.h */ = {isa = PBXFileReference; fileEncoding = 4; lastKnownFileType = sourcecode.c.h; name = script_event.h; path = ../../src//script_event.h; sourceTree = "<group>"; };
		126406C815C29D1C00698E3C /* script_functions.cpp */ = {isa = PBXFileReference; fileEncoding = 4; lastKnownFileType = sourcecode.cpp.cpp; name = script_functions.cpp; path = ../../src//script_functions.cpp; sourceTree = "<group>"; };
		126406C915C29D1C00698E3C /* script_listener.cpp */ = {isa = PBXFileReference; fileEncoding = 4; lastKnownFileType = sourcecode.cpp.cpp; name = script_listener.cpp; path = ../../src//script_listener.cpp; sourceTree = "<group>"; };
		126406CA15C29D1C00698E3C /* script_listener.h */ = {isa = PBXFileReference; fileEncoding = 4; lastKnownFileType = sourcecode.c.h; name = script_listener.h; path = ../../src//script_listener.h; sourceTree = "<group>"; };
		126406CB15C29D1C00698E3C /* script_manager.cpp */ = {isa = PBXFileReference; fileEncoding = 4; lastKnownFileType = sourcecode.cpp.cpp; name = script_manager.cpp; path = ../../src//script_manager.cpp; sourceTree = "<group>"; };
		126406CC15C29D1C00698E3C /* script_manager.h */ = {isa = PBXFileReference; fileEncoding = 4; lastKnownFileType = sourcecode.c.h; name = script_manager.h; path = ../../src//script_manager.h; sourceTree = "<group>"; };
		126406CD15C29D1C00698E3C /* server.cpp */ = {isa = PBXFileReference; fileEncoding = 4; lastKnownFileType = sourcecode.cpp.cpp; name = server.cpp; path = ../../src//server.cpp; sourceTree = "<group>"; };
		126406CE15C29D1C00698E3C /* server.h */ = {isa = PBXFileReference; fileEncoding = 4; lastKnownFileType = sourcecode.c.h; name = server.h; path = ../../src//server.h; sourceTree = "<group>"; };
		126406CF15C29D1C00698E3C /* sha1.cpp */ = {isa = PBXFileReference; fileEncoding = 4; lastKnownFileType = sourcecode.cpp.cpp; name = sha1.cpp; path = ../../src//sha1.cpp; sourceTree = "<group>"; };
		126406D015C29D1C00698E3C /* sha1.h */ = {isa = PBXFileReference; fileEncoding = 4; lastKnownFileType = sourcecode.c.h; name = sha1.h; path = ../../src//sha1.h; sourceTree = "<group>"; };
		126406D115C29D1C00698E3C /* shared_ptr.h */ = {isa = PBXFileReference; fileEncoding = 4; lastKnownFileType = sourcecode.c.h; name = shared_ptr.h; path = ../../src//shared_ptr.h; sourceTree = "<group>"; };
		126406D215C29D1C00698E3C /* spawn.cpp */ = {isa = PBXFileReference; fileEncoding = 4; lastKnownFileType = sourcecode.cpp.cpp; name = spawn.cpp; path = ../../src//spawn.cpp; sourceTree = "<group>"; };
		126406D315C29D1C00698E3C /* spawn.h */ = {isa = PBXFileReference; fileEncoding = 4; lastKnownFileType = sourcecode.c.h; name = spawn.h; path = ../../src//spawn.h; sourceTree = "<group>"; };
		126406D415C29D1C00698E3C /* status.cpp */ = {isa = PBXFileReference; fileEncoding = 4; lastKnownFileType = sourcecode.cpp.cpp; name = status.cpp; path = ../../src//status.cpp; sourceTree = "<group>"; };
		126406D515C29D1C00698E3C /* status.h */ = {isa = PBXFileReference; fileEncoding = 4; lastKnownFileType = sourcecode.c.h; name = status.h; path = ../../src//status.h; sourceTree = "<group>"; };
		126406D615C29D1C00698E3C /* tasks.cpp */ = {isa = PBXFileReference; fileEncoding = 4; lastKnownFileType = sourcecode.cpp.cpp; name = tasks.cpp; path = ../../src//tasks.cpp; sourceTree = "<group>"; };
		126406D715C29D1C00698E3C /* tasks.h */ = {isa = PBXFileReference; fileEncoding = 4; lastKnownFileType = sourcecode.c.h; name = tasks.h; path = ../../src//tasks.h; sourceTree = "<group>"; };
		126406D815C29D1C00698E3C /* teleport.cpp */ = {isa = PBXFileReference; fileEncoding = 4; lastKnownFileType = sourcecode.cpp.cpp; name = teleport.cpp; path = ../../src//teleport.cpp; sourceTree = "<group>"; };
		126406D915C29D1C00698E3C /* teleport.h */ = {isa = PBXFileReference; fileEncoding = 4; lastKnownFileType = sourcecode.c.h; name = teleport.h; path = ../../src//teleport.h; sourceTree = "<group>"; };
		126406DA15C29D1C00698E3C /* templates.h */ = {isa = PBXFileReference; fileEncoding = 4; lastKnownFileType = sourcecode.c.h; name = templates.h; path = ../../src//templates.h; sourceTree = "<group>"; };
		126406DB15C29D1C00698E3C /* thing.cpp */ = {isa = PBXFileReference; fileEncoding = 4; lastKnownFileType = sourcecode.cpp.cpp; name = thing.cpp; path = ../../src//thing.cpp; sourceTree = "<group>"; };
		126406DC15C29D1C00698E3C /* thing.h */ = {isa = PBXFileReference; fileEncoding = 4; lastKnownFileType = sourcecode.c.h; name = thing.h; path = ../../src//thing.h; sourceTree = "<group>"; };
		126406DD15C29D1C00698E3C /* tile.cpp */ = {isa = PBXFileReference; fileEncoding = 4; lastKnownFileType = sourcecode.cpp.cpp; name = tile.cpp; path = ../../src//tile.cpp; sourceTree = "<group>"; };
		126406DE15C29D1C00698E3C /* tile.h */ = {isa = PBXFileReference; fileEncoding = 4; lastKnownFileType = sourcecode.c.h; name = tile.h; path = ../../src//tile.h; sourceTree = "<group>"; };
		126406DF15C29D1C00698E3C /* tools.cpp */ = {isa = PBXFileReference; fileEncoding = 4; lastKnownFileType = sourcecode.cpp.cpp; name = tools.cpp; path = ../../src//tools.cpp; sourceTree = "<group>"; };
		126406E015C29D1C00698E3C /* tools.h */ = {isa = PBXFileReference; fileEncoding = 4; lastKnownFileType = sourcecode.c.h; name = tools.h; path = ../../src//tools.h; sourceTree = "<group>"; };
		126406E115C29D1C00698E3C /* town.h */ = {isa = PBXFileReference; fileEncoding = 4; lastKnownFileType = sourcecode.c.h; name = town.h; path = ../../src//town.h; sourceTree = "<group>"; };
		126406E215C29D1C00698E3C /* trashholder.cpp */ = {isa = PBXFileReference; fileEncoding = 4; lastKnownFileType = sourcecode.cpp.cpp; name = trashholder.cpp; path = ../../src//trashholder.cpp; sourceTree = "<group>"; };
		126406E315C29D1C00698E3C /* trashholder.h */ = {isa = PBXFileReference; fileEncoding = 4; lastKnownFileType = sourcecode.c.h; name = trashholder.h; path = ../../src//trashholder.h; sourceTree = "<group>"; };
		126406E415C29D1C00698E3C /* vocation.cpp */ = {isa = PBXFileReference; fileEncoding = 4; lastKnownFileType = sourcecode.cpp.cpp; name = vocation.cpp; path = ../../src//vocation.cpp; sourceTree = "<group>"; };
		126406E515C29D1C00698E3C /* vocation.h */ = {isa = PBXFileReference; fileEncoding = 4; lastKnownFileType = sourcecode.c.h; name = vocation.h; path = ../../src//vocation.h; sourceTree = "<group>"; };
		126406E615C29D1C00698E3C /* waitlist.cpp */ = {isa = PBXFileReference; fileEncoding = 4; lastKnownFileType = sourcecode.cpp.cpp; name = waitlist.cpp; path = ../../src//waitlist.cpp; sourceTree = "<group>"; };
		126406E715C29D1C00698E3C /* waitlist.h */ = {isa = PBXFileReference; fileEncoding = 4; lastKnownFileType = sourcecode.c.h; name = waitlist.h; path = ../../src//waitlist.h; sourceTree = "<group>"; };
		126406E815C29D1C00698E3C /* waypoints.h */ = {isa = PBXFileReference; fileEncoding = 4; lastKnownFileType = sourcecode.c.h; name = waypoints.h; path = ../../src//waypoints.h; sourceTree = "<group>"; };
		12D2F81715CBD9E300AF00C7 /* liblua.a */ = {isa = PBXFileReference; lastKnownFileType = archive.ar; name = liblua.a; path = ../../deps/xcode/lib/liblua.a; sourceTree = "<group>"; };
		12D2F82115CBDC8100AF00C7 /* libxml2.dylib */ = {isa = PBXFileReference; lastKnownFileType = "compiled.mach-o.dylib"; name = libxml2.dylib; path = usr/lib/libxml2.dylib; sourceTree = SDKROOT; };
		12D2F82F15CBDE7500AF00C7 /* libboost_chrono.a */ = {isa = PBXFileReference; lastKnownFileType = archive.ar; name = libboost_chrono.a; path = ../../deps/xcode/lib/libboost_chrono.a; sourceTree = "<group>"; };
		12D2F83015CBDE7500AF00C7 /* libboost_date_time.a */ = {isa = PBXFileReference; lastKnownFileType = archive.ar; name = libboost_date_time.a; path = ../../deps/xcode/lib/libboost_date_time.a; sourceTree = "<group>"; };
		12D2F83115CBDE7500AF00C7 /* libboost_filesystem.a */ = {isa = PBXFileReference; lastKnownFileType = archive.ar; name = libboost_filesystem.a; path = ../../deps/xcode/lib/libboost_filesystem.a; sourceTree = "<group>"; };
		12D2F83215CBDE7500AF00C7 /* libboost_regex.a */ = {isa = PBXFileReference; lastKnownFileType = archive.ar; name = libboost_regex.a; path = ../../deps/xcode/lib/libboost_regex.a; sourceTree = "<group>"; };
		12D2F83315CBDE7500AF00C7 /* libboost_thread.a */ = {isa = PBXFileReference; lastKnownFileType = archive.ar; name = libboost_thread.a; path = ../../deps/xcode/lib/libboost_thread.a; sourceTree = "<group>"; };
		12D2F83915CBDEA100AF00C7 /* libboost_system.a */ = {isa = PBXFileReference; lastKnownFileType = archive.ar; name = libboost_system.a; path = ../../deps/xcode/lib/libboost_system.a; sourceTree = "<group>"; };
		12D2F83B15CBDECA00AF00C7 /* libgmp.a */ = {isa = PBXFileReference; lastKnownFileType = archive.ar; name = libgmp.a; path = ../../deps/xcode/lib/libgmp.a; sourceTree = "<group>"; };
/* End PBXFileReference section */

/* Begin PBXFrameworksBuildPhase section */
		1264062B15C29CF200698E3C /* Frameworks */ = {
			isa = PBXFrameworksBuildPhase;
			buildActionMask = 2147483647;
			files = (
				12D2F82215CBDC8100AF00C7 /* libxml2.dylib in Frameworks */,
				12D2F81A15CBD9E300AF00C7 /* liblua.a in Frameworks */,
				12D2F83415CBDE7500AF00C7 /* libboost_chrono.a in Frameworks */,
				12D2F83515CBDE7500AF00C7 /* libboost_date_time.a in Frameworks */,
				12D2F83615CBDE7500AF00C7 /* libboost_filesystem.a in Frameworks */,
				12D2F83715CBDE7500AF00C7 /* libboost_regex.a in Frameworks */,
				12D2F83815CBDE7500AF00C7 /* libboost_thread.a in Frameworks */,
				12D2F83A15CBDEA100AF00C7 /* libboost_system.a in Frameworks */,
				12D2F83C15CBDECA00AF00C7 /* libgmp.a in Frameworks */,
			);
			runOnlyForDeploymentPostprocessing = 0;
		};
/* End PBXFrameworksBuildPhase section */

/* Begin PBXGroup section */
		1264062315C29CF200698E3C = {
			isa = PBXGroup;
			children = (
				12D2F81415CBD9D300AF00C7 /* Frameworks */,
				1264063115C29CF200698E3C /* OpenTibia Server */,
				1264062F15C29CF200698E3C /* Products */,
			);
			sourceTree = "<group>";
		};
		1264062F15C29CF200698E3C /* Products */ = {
			isa = PBXGroup;
			children = (
				1264062E15C29CF200698E3C /* OpenTibia Server */,
			);
			name = Products;
			sourceTree = "<group>";
		};
		1264063115C29CF200698E3C /* OpenTibia Server */ = {
			isa = PBXGroup;
			children = (
				1264073515C29D6E00698E3C /* net */,
				1264073415C29D6400698E3C /* Supporting Files */,
				1264073315C29D3F00698E3C /* game */,
				1264073215C29D3300698E3C /* script */,
				1264073115C29D2D00698E3C /* core */,
				1264073015C29D2200698E3C /* io */,
				1264065015C29D1C00698E3C /* classes.h */,
				1264067815C29D1C00698E3C /* definitions.h */,
				126406A815C29D1C00698E3C /* otpch.cpp */,
				126406A915C29D1C00698E3C /* otpch.h */,
				126406AA15C29D1C00698E3C /* otserv.cpp */,
			);
			path = "OpenTibia Server";
			sourceTree = "<group>";
		};
		1264065315C29D1C00698E3C /* compiler */ = {
			isa = PBXGroup;
			children = (
				1264065415C29D1C00698E3C /* gcc.h */,
				1264065515C29D1C00698E3C /* msvc.h */,
				1264065615C29D1C00698E3C /* workarounds.h */,
			);
			name = compiler;
			path = ../../src//compiler;
			sourceTree = "<group>";
		};
		1264073015C29D2200698E3C /* io */ = {
			isa = PBXGroup;
			children = (
				1264073615C29DBB00698E3C /* database */,
				1264068D15C29D1C00698E3C /* ioaccount.cpp */,
				1264068E15C29D1C00698E3C /* ioaccount.h */,
				1264068F15C29D1C00698E3C /* iomap.h */,
				1264069015C29D1C00698E3C /* iomapotbm.cpp */,
				1264069115C29D1C00698E3C /* iomapotbm.h */,
				1264069215C29D1C00698E3C /* iomapserialize.cpp */,
				1264069315C29D1C00698E3C /* iomapserialize.h */,
				1264069415C29D1C00698E3C /* ioplayer.cpp */,
				1264069515C29D1C00698E3C /* ioplayer.h */,
			);
			name = io;
			sourceTree = "<group>";
		};
		1264073115C29D2D00698E3C /* core */ = {
			isa = PBXGroup;
			children = (
				1264073A15C29E8D00698E3C /* crypt */,
				1264065315C29D1C00698E3C /* compiler */,
				1264064515C29D1C00698E3C /* allocator.cpp */,
				1264064615C29D1C00698E3C /* allocator.h */,
				1264064D15C29D1C00698E3C /* boost_common.h */,
				1264065C15C29D1C00698E3C /* configmanager.cpp */,
				1264065D15C29D1C00698E3C /* configmanager.h */,
				1264068115C29D1C00698E3C /* exception.cpp */,
				1264068215C29D1C00698E3C /* exception.h */,
				1264068315C29D1C00698E3C /* fileloader.cpp */,
				1264068415C29D1C00698E3C /* fileloader.h */,
				1264069D15C29D1C00698E3C /* logger.cpp */,
				1264069E15C29D1C00698E3C /* logger.h */,
				126406AB15C29D1C00698E3C /* otsystem.h */,
				126406BF15C29D1C00698E3C /* scheduler.cpp */,
				126406C015C29D1C00698E3C /* scheduler.h */,
				126406D115C29D1C00698E3C /* shared_ptr.h */,
				126406D615C29D1C00698E3C /* tasks.cpp */,
				126406D715C29D1C00698E3C /* tasks.h */,
				126406DA15C29D1C00698E3C /* templates.h */,
				126406DF15C29D1C00698E3C /* tools.cpp */,
				126406E015C29D1C00698E3C /* tools.h */,
			);
			name = core;
			sourceTree = "<group>";
		};
		1264073215C29D3300698E3C /* script */ = {
			isa = PBXGroup;
			children = (
				1264069F15C29D1C00698E3C /* lua_manager.cpp */,
				126406A015C29D1C00698E3C /* lua_manager.h */,
				1264068015C29D1C00698E3C /* error_module.lua */,
				126406C415C29D1C00698E3C /* script_environment.cpp */,
				126406C515C29D1C00698E3C /* script_environment.h */,
				126406C615C29D1C00698E3C /* script_event.cpp */,
				126406C715C29D1C00698E3C /* script_event.h */,
				126406C815C29D1C00698E3C /* script_functions.cpp */,
				126406C915C29D1C00698E3C /* script_listener.cpp */,
				126406CA15C29D1C00698E3C /* script_listener.h */,
				126406CB15C29D1C00698E3C /* script_manager.cpp */,
				126406CC15C29D1C00698E3C /* script_manager.h */,
			);
			name = script;
			sourceTree = "<group>";
		};
		1264073315C29D3F00698E3C /* game */ = {
			isa = PBXGroup;
			children = (
				1264073B15C29F2C00698E3C /* map */,
				1264073915C29E2C00698E3C /* creatures */,
				1264073815C29E2600698E3C /* gameplay */,
				1264073715C29E2000698E3C /* items */,
				1264064015C29D1C00698E3C /* account.h */,
				1264066115C29D1C00698E3C /* const.cpp */,
				1264066215C29D1C00698E3C /* const.h */,
				1264066315C29D1C00698E3C /* const.lua */,
				1264066C15C29D1C00698E3C /* cylinder.cpp */,
				1264066D15C29D1C00698E3C /* cylinder.h */,
				1264067B15C29D1C00698E3C /* enum.h */,
				1264067C15C29D1C00698E3C /* enum.lua */,
				1264067D15C29D1C00698E3C /* enums.cpp */,
				1264067E15C29D1C00698E3C /* enums.h */,
				1264067F15C29D1C00698E3C /* enums.lua */,
				1264068515C29D1C00698E3C /* game.cpp */,
				1264068615C29D1C00698E3C /* game.h */,
				126406DB15C29D1C00698E3C /* thing.cpp */,
				126406DC15C29D1C00698E3C /* thing.h */,
				126406E615C29D1C00698E3C /* waitlist.cpp */,
			);
			name = game;
			sourceTree = "<group>";
		};
		1264073415C29D6400698E3C /* Supporting Files */ = {
			isa = PBXGroup;
			children = (
				1264064715C29D1C00698E3C /* autogen.lua */,
				1264064815C29D1C00698E3C /* autogen.sh */,
				1264065E15C29D1C00698E3C /* configure.ac */,
				126406A115C29D1C00698E3C /* Makefile.am */,
			);
			name = "Supporting Files";
			sourceTree = "<group>";
		};
		1264073515C29D6E00698E3C /* net */ = {
			isa = PBXGroup;
			children = (
				1264064315C29D1C00698E3C /* admin.cpp */,
				1264064415C29D1C00698E3C /* admin.h */,
				1264065F15C29D1C00698E3C /* connection.cpp */,
				1264066015C29D1C00698E3C /* connection.h */,
				1264068B15C29D1C00698E3C /* http_request.cpp */,
				1264068C15C29D1C00698E3C /* http_request.h */,
				126406A615C29D1C00698E3C /* networkmessage.cpp */,
				126406A715C29D1C00698E3C /* networkmessage.h */,
				126406AD15C29D1C00698E3C /* outputmessage.cpp */,
				126406AE15C29D1C00698E3C /* outputmessage.h */,
				126406B515C29D1C00698E3C /* protocol.cpp */,
				126406B615C29D1C00698E3C /* protocol.h */,
				126406B715C29D1C00698E3C /* protocolgame.cpp */,
				126406B815C29D1C00698E3C /* protocolgame.h */,
				126406B915C29D1C00698E3C /* protocollogin.cpp */,
				126406BA15C29D1C00698E3C /* protocollogin.h */,
				126406BB15C29D1C00698E3C /* protocolold.cpp */,
				126406BC15C29D1C00698E3C /* protocolold.h */,
				126406CD15C29D1C00698E3C /* server.cpp */,
				126406CE15C29D1C00698E3C /* server.h */,
				126406D415C29D1C00698E3C /* status.cpp */,
				126406D515C29D1C00698E3C /* status.h */,
			);
			name = net;
			sourceTree = "<group>";
		};
		1264073615C29DBB00698E3C /* database */ = {
			isa = PBXGroup;
			children = (
				1264066E15C29D1C00698E3C /* database_driver_mysql.cpp */,
				1264066F15C29D1C00698E3C /* database_driver_mysql.h */,
				1264067015C29D1C00698E3C /* database_driver_odbc.cpp */,
				1264067115C29D1C00698E3C /* database_driver_odbc.h */,
				1264067215C29D1C00698E3C /* database_driver_pgsql.cpp */,
				1264067315C29D1C00698E3C /* database_driver_pgsql.h */,
				1264067415C29D1C00698E3C /* database_driver_sqlite.cpp */,
				1264067515C29D1C00698E3C /* database_driver_sqlite.h */,
				1264067615C29D1C00698E3C /* database_driver.cpp */,
				1264067715C29D1C00698E3C /* database_driver.h */,
				126406C115C29D1C00698E3C /* schema.mysql */,
				126406C215C29D1C00698E3C /* schema.pgsql */,
				126406C315C29D1C00698E3C /* schema.sqlite */,
			);
			name = database;
			sourceTree = "<group>";
		};
		1264073715C29E2000698E3C /* items */ = {
			isa = PBXGroup;
			children = (
				1264064B15C29D1C00698E3C /* beds.cpp */,
				1264064C15C29D1C00698E3C /* beds.h */,
				1264066415C29D1C00698E3C /* container.cpp */,
				1264066515C29D1C00698E3C /* container.h */,
				1264067915C29D1C00698E3C /* depot.cpp */,
				1264067A15C29D1C00698E3C /* depot.h */,
				1264069615C29D1C00698E3C /* item_attributes.cpp */,
				1264069715C29D1C00698E3C /* item_attributes.h */,
				1264069815C29D1C00698E3C /* item.cpp */,
				1264069915C29D1C00698E3C /* item.h */,
				1264069A15C29D1C00698E3C /* itemloader.h */,
				1264069B15C29D1C00698E3C /* items.cpp */,
				1264069C15C29D1C00698E3C /* items.h */,
				126406D815C29D1C00698E3C /* teleport.cpp */,
				126406D915C29D1C00698E3C /* teleport.h */,
				126406E215C29D1C00698E3C /* trashholder.cpp */,
				126406E315C29D1C00698E3C /* trashholder.h */,
			);
			name = items;
			sourceTree = "<group>";
		};
		1264073815C29E2600698E3C /* gameplay */ = {
			isa = PBXGroup;
			children = (
				1264064915C29D1C00698E3C /* ban.cpp */,
				1264064A15C29D1C00698E3C /* ban.h */,
				1264064E15C29D1C00698E3C /* chat.cpp */,
				1264064F15C29D1C00698E3C /* chat.h */,
				1264065115C29D1C00698E3C /* combat.cpp */,
				1264065215C29D1C00698E3C /* combat.h */,
				1264065715C29D1C00698E3C /* condition_attributes.cpp */,
				1264065815C29D1C00698E3C /* condition_attributes.h */,
				1264065915C29D1C00698E3C /* condition_attributes.lua */,
				1264065A15C29D1C00698E3C /* condition.cpp */,
				1264065B15C29D1C00698E3C /* condition.h */,
				126406AF15C29D1C00698E3C /* party.cpp */,
				126406B015C29D1C00698E3C /* party.h */,
				126406E715C29D1C00698E3C /* waitlist.h */,
				126406E415C29D1C00698E3C /* vocation.cpp */,
				126406E515C29D1C00698E3C /* vocation.h */,
			);
			name = gameplay;
			sourceTree = "<group>";
		};
		1264073915C29E2C00698E3C /* creatures */ = {
			isa = PBXGroup;
			children = (
				1264064115C29D1C00698E3C /* actor.cpp */,
				1264064215C29D1C00698E3C /* actor.h */,
				1264066615C29D1C00698E3C /* creature_manager.cpp */,
				1264066715C29D1C00698E3C /* creature_manager.h */,
				1264066815C29D1C00698E3C /* creature_type.cpp */,
				1264066915C29D1C00698E3C /* creature_type.h */,
				1264066A15C29D1C00698E3C /* creature.cpp */,
				1264066B15C29D1C00698E3C /* creature.h */,
				126406AC15C29D1C00698E3C /* outfit.h */,
				126406B115C29D1C00698E3C /* player.cpp */,
				126406B215C29D1C00698E3C /* player.h */,
			);
			name = creatures;
			sourceTree = "<group>";
		};
		1264073A15C29E8D00698E3C /* crypt */ = {
			isa = PBXGroup;
			children = (
				126406A415C29D1C00698E3C /* md5.cpp */,
				126406A515C29D1C00698E3C /* md5.h */,
				126406BD15C29D1C00698E3C /* rsa.cpp */,
				126406BE15C29D1C00698E3C /* rsa.h */,
				126406CF15C29D1C00698E3C /* sha1.cpp */,
				126406D015C29D1C00698E3C /* sha1.h */,
			);
			name = crypt;
			sourceTree = "<group>";
		};
		1264073B15C29F2C00698E3C /* map */ = {
			isa = PBXGroup;
			children = (
				1264068715C29D1C00698E3C /* house.cpp */,
				1264068815C29D1C00698E3C /* house.h */,
				1264068915C29D1C00698E3C /* housetile.cpp */,
				1264068A15C29D1C00698E3C /* housetile.h */,
				126406A215C29D1C00698E3C /* map.cpp */,
				126406A315C29D1C00698E3C /* map.h */,
				126406B315C29D1C00698E3C /* position.cpp */,
				126406B415C29D1C00698E3C /* position.h */,
				126406D215C29D1C00698E3C /* spawn.cpp */,
				126406D315C29D1C00698E3C /* spawn.h */,
				126406DD15C29D1C00698E3C /* tile.cpp */,
				126406DE15C29D1C00698E3C /* tile.h */,
				126406E115C29D1C00698E3C /* town.h */,
				126406E815C29D1C00698E3C /* waypoints.h */,
			);
			name = map;
			sourceTree = "<group>";
		};
		12D2F81415CBD9D300AF00C7 /* Frameworks */ = {
			isa = PBXGroup;
			children = (
				12D2F82F15CBDE7500AF00C7 /* libboost_chrono.a */,
				12D2F83015CBDE7500AF00C7 /* libboost_date_time.a */,
				12D2F83115CBDE7500AF00C7 /* libboost_filesystem.a */,
				12D2F83215CBDE7500AF00C7 /* libboost_regex.a */,
				12D2F83915CBDEA100AF00C7 /* libboost_system.a */,
				12D2F83315CBDE7500AF00C7 /* libboost_thread.a */,
				12D2F83B15CBDECA00AF00C7 /* libgmp.a */,
				12D2F82115CBDC8100AF00C7 /* libxml2.dylib */,
				12D2F81715CBD9E300AF00C7 /* liblua.a */,
			);
			name = Frameworks;
			sourceTree = "<group>";
		};
/* End PBXGroup section */

/* Begin PBXNativeTarget section */
		1264062D15C29CF200698E3C /* OpenTibia Server */ = {
			isa = PBXNativeTarget;
			buildConfigurationList = 1264063815C29CF200698E3C /* Build configuration list for PBXNativeTarget "OpenTibia Server" */;
			buildPhases = (
				1264062A15C29CF200698E3C /* Sources */,
				1264062B15C29CF200698E3C /* Frameworks */,
				1264062C15C29CF200698E3C /* CopyFiles */,
			);
			buildRules = (
			);
			dependencies = (
			);
			name = "OpenTibia Server";
			productName = "OpenTibia Server";
			productReference = 1264062E15C29CF200698E3C /* OpenTibia Server */;
			productType = "com.apple.product-type.tool";
		};
/* End PBXNativeTarget section */

/* Begin PBXProject section */
		1264062515C29CF200698E3C /* Project object */ = {
			isa = PBXProject;
			attributes = {
				LastUpgradeCheck = 0450;
				ORGANIZATIONNAME = OpenTibia;
			};
			buildConfigurationList = 1264062815C29CF200698E3C /* Build configuration list for PBXProject "OpenTibia Server" */;
			compatibilityVersion = "Xcode 3.2";
			developmentRegion = English;
			hasScannedForEncodings = 0;
			knownRegions = (
				en,
			);
			mainGroup = 1264062315C29CF200698E3C;
			productRefGroup = 1264062F15C29CF200698E3C /* Products */;
			projectDirPath = "";
			projectRoot = "";
			targets = (
				1264062D15C29CF200698E3C /* OpenTibia Server */,
			);
		};
/* End PBXProject section */

/* Begin PBXSourcesBuildPhase section */
		1264062A15C29CF200698E3C /* Sources */ = {
			isa = PBXSourcesBuildPhase;
			buildActionMask = 2147483647;
			files = (
				126406E915C29D1C00698E3C /* actor.cpp in Sources */,
				126406EA15C29D1C00698E3C /* admin.cpp in Sources */,
				126406EB15C29D1C00698E3C /* allocator.cpp in Sources */,
				126406EC15C29D1C00698E3C /* ban.cpp in Sources */,
				126406ED15C29D1C00698E3C /* beds.cpp in Sources */,
				126406EE15C29D1C00698E3C /* chat.cpp in Sources */,
				126406EF15C29D1C00698E3C /* combat.cpp in Sources */,
				126406F015C29D1C00698E3C /* condition_attributes.cpp in Sources */,
				126406F115C29D1C00698E3C /* condition.cpp in Sources */,
				126406F215C29D1C00698E3C /* configmanager.cpp in Sources */,
				126406F315C29D1C00698E3C /* connection.cpp in Sources */,
				126406F415C29D1C00698E3C /* const.cpp in Sources */,
				126406F515C29D1C00698E3C /* container.cpp in Sources */,
				126406F615C29D1C00698E3C /* creature_manager.cpp in Sources */,
				126406F715C29D1C00698E3C /* creature_type.cpp in Sources */,
				126406F815C29D1C00698E3C /* creature.cpp in Sources */,
				126406F915C29D1C00698E3C /* cylinder.cpp in Sources */,
				126406FA15C29D1C00698E3C /* database_driver_mysql.cpp in Sources */,
				126406FB15C29D1C00698E3C /* database_driver_odbc.cpp in Sources */,
				126406FC15C29D1C00698E3C /* database_driver_pgsql.cpp in Sources */,
				126406FD15C29D1C00698E3C /* database_driver_sqlite.cpp in Sources */,
				126406FE15C29D1C00698E3C /* database_driver.cpp in Sources */,
				126406FF15C29D1C00698E3C /* depot.cpp in Sources */,
				1264070015C29D1C00698E3C /* enums.cpp in Sources */,
				1264070115C29D1C00698E3C /* exception.cpp in Sources */,
				1264070215C29D1C00698E3C /* fileloader.cpp in Sources */,
				1264070315C29D1C00698E3C /* game.cpp in Sources */,
				1264070415C29D1C00698E3C /* house.cpp in Sources */,
				1264070515C29D1C00698E3C /* housetile.cpp in Sources */,
				1264070615C29D1C00698E3C /* http_request.cpp in Sources */,
				1264070715C29D1C00698E3C /* ioaccount.cpp in Sources */,
				1264070815C29D1C00698E3C /* iomapotbm.cpp in Sources */,
				1264070915C29D1C00698E3C /* iomapserialize.cpp in Sources */,
				1264070A15C29D1C00698E3C /* ioplayer.cpp in Sources */,
				1264070B15C29D1C00698E3C /* item_attributes.cpp in Sources */,
				1264070C15C29D1C00698E3C /* item.cpp in Sources */,
				1264070D15C29D1C00698E3C /* items.cpp in Sources */,
				1264070E15C29D1C00698E3C /* logger.cpp in Sources */,
				1264070F15C29D1C00698E3C /* lua_manager.cpp in Sources */,
				1264071015C29D1C00698E3C /* map.cpp in Sources */,
				1264071115C29D1C00698E3C /* md5.cpp in Sources */,
				1264071215C29D1C00698E3C /* networkmessage.cpp in Sources */,
				1264071315C29D1C00698E3C /* otpch.cpp in Sources */,
				1264071415C29D1C00698E3C /* otserv.cpp in Sources */,
				1264071515C29D1C00698E3C /* outputmessage.cpp in Sources */,
				1264071615C29D1C00698E3C /* party.cpp in Sources */,
				1264071715C29D1C00698E3C /* player.cpp in Sources */,
				1264071815C29D1C00698E3C /* position.cpp in Sources */,
				1264071915C29D1C00698E3C /* protocol.cpp in Sources */,
				1264071A15C29D1C00698E3C /* protocolgame.cpp in Sources */,
				1264071B15C29D1C00698E3C /* protocollogin.cpp in Sources */,
				1264071C15C29D1C00698E3C /* protocolold.cpp in Sources */,
				1264071D15C29D1C00698E3C /* rsa.cpp in Sources */,
				1264071E15C29D1C00698E3C /* scheduler.cpp in Sources */,
				1264071F15C29D1C00698E3C /* script_environment.cpp in Sources */,
				1264072015C29D1C00698E3C /* script_event.cpp in Sources */,
				1264072115C29D1C00698E3C /* script_functions.cpp in Sources */,
				1264072215C29D1C00698E3C /* script_listener.cpp in Sources */,
				1264072315C29D1C00698E3C /* script_manager.cpp in Sources */,
				1264072415C29D1C00698E3C /* server.cpp in Sources */,
				1264072515C29D1C00698E3C /* sha1.cpp in Sources */,
				1264072615C29D1C00698E3C /* spawn.cpp in Sources */,
				1264072715C29D1C00698E3C /* status.cpp in Sources */,
				1264072815C29D1C00698E3C /* tasks.cpp in Sources */,
				1264072915C29D1C00698E3C /* teleport.cpp in Sources */,
				1264072A15C29D1C00698E3C /* thing.cpp in Sources */,
				1264072B15C29D1C00698E3C /* tile.cpp in Sources */,
				1264072C15C29D1C00698E3C /* tools.cpp in Sources */,
				1264072D15C29D1C00698E3C /* trashholder.cpp in Sources */,
				1264072E15C29D1C00698E3C /* vocation.cpp in Sources */,
				1264072F15C29D1C00698E3C /* waitlist.cpp in Sources */,
			);
			runOnlyForDeploymentPostprocessing = 0;
		};
/* End PBXSourcesBuildPhase section */

/* Begin XCBuildConfiguration section */
		1264063615C29CF200698E3C /* Debug */ = {
			isa = XCBuildConfiguration;
			buildSettings = {
				ALWAYS_SEARCH_USER_PATHS = NO;
				ARCHS = "$(ARCHS_STANDARD_64_BIT)";
				CLANG_CXX_LANGUAGE_STANDARD = "gnu++0x";
				CLANG_WARN__DUPLICATE_METHOD_MATCH = YES;
				COPY_PHASE_STRIP = NO;
				GCC_C_LANGUAGE_STANDARD = gnu99;
				GCC_DYNAMIC_NO_PIC = NO;
				GCC_ENABLE_OBJC_EXCEPTIONS = YES;
				GCC_OPTIMIZATION_LEVEL = 0;
				GCC_PREPROCESSOR_DEFINITIONS = (
					"DEBUG=1",
					"$(inherited)",
				);
				GCC_SYMBOLS_PRIVATE_EXTERN = NO;
				GCC_WARN_64_TO_32_BIT_CONVERSION = YES;
				GCC_WARN_ABOUT_RETURN_TYPE = YES;
				GCC_WARN_UNINITIALIZED_AUTOS = YES;
				GCC_WARN_UNUSED_VARIABLE = YES;
				MACOSX_DEPLOYMENT_TARGET = 10.7;
				ONLY_ACTIVE_ARCH = YES;
				SDKROOT = macosx;
			};
			name = Debug;
		};
		1264063715C29CF200698E3C /* Release */ = {
			isa = XCBuildConfiguration;
			buildSettings = {
				ALWAYS_SEARCH_USER_PATHS = NO;
				ARCHS = "$(ARCHS_STANDARD_64_BIT)";
				CLANG_CXX_LANGUAGE_STANDARD = "gnu++0x";
				CLANG_WARN__DUPLICATE_METHOD_MATCH = YES;
				COPY_PHASE_STRIP = YES;
				DEBUG_INFORMATION_FORMAT = "dwarf-with-dsym";
				GCC_C_LANGUAGE_STANDARD = gnu99;
				GCC_ENABLE_OBJC_EXCEPTIONS = YES;
				GCC_WARN_64_TO_32_BIT_CONVERSION = YES;
				GCC_WARN_ABOUT_RETURN_TYPE = YES;
				GCC_WARN_UNINITIALIZED_AUTOS = YES;
				GCC_WARN_UNUSED_VARIABLE = YES;
				MACOSX_DEPLOYMENT_TARGET = 10.7;
				SDKROOT = macosx;
			};
			name = Release;
		};
		1264063915C29CF200698E3C /* Debug */ = {
			isa = XCBuildConfiguration;
			buildSettings = {
				GCC_PRECOMPILE_PREFIX_HEADER = YES;
				GCC_PREFIX_HEADER = ../../src/otpch.h;
				GCC_PREPROCESSOR_DEFINITIONS = USE_PREFIX_HEADER;
				GCC_WARN_64_TO_32_BIT_CONVERSION = NO;
				HEADER_SEARCH_PATHS = (
					../../deps/xcode/include,
					../../deps/include,
					$SDK_DIR/usr/include/libxml2,
				);
				LIBRARY_SEARCH_PATHS = (
					../../deps/xcode/lib,
					"\"$(SRCROOT)/../../deps/xcode/lib\"",
				);
				PRODUCT_NAME = "$(TARGET_NAME)";
			};
			name = Debug;
		};
		1264063A15C29CF200698E3C /* Release */ = {
			isa = XCBuildConfiguration;
			buildSettings = {
				GCC_PRECOMPILE_PREFIX_HEADER = YES;
				GCC_PREFIX_HEADER = ../../src/otpch.h;
				GCC_PREPROCESSOR_DEFINITIONS = USE_PREFIX_HEADER;
				GCC_WARN_64_TO_32_BIT_CONVERSION = NO;
				HEADER_SEARCH_PATHS = (
					../../deps/xcode/include,
					../../deps/include,
					$SDK_DIR/usr/include/libxml2,
				);
				LIBRARY_SEARCH_PATHS = (
					../../deps/xcode/lib,
					"\"$(SRCROOT)/../../deps/xcode/lib\"",
				);
				PRODUCT_NAME = "$(TARGET_NAME)";
			};
			name = Release;
		};
/* End XCBuildConfiguration section */

/* Begin XCConfigurationList section */
		1264062815C29CF200698E3C /* Build configuration list for PBXProject "OpenTibia Server" */ = {
			isa = XCConfigurationList;
			buildConfigurations = (
				1264063615C29CF200698E3C /* Debug */,
				1264063715C29CF200698E3C /* Release */,
			);
			defaultConfigurationIsVisible = 0;
			defaultConfigurationName = Release;
		};
		1264063815C29CF200698E3C /* Build configuration list for PBXNativeTarget "OpenTibia Server" */ = {
			isa = XCConfigurationList;
			buildConfigurations = (
				1264063915C29CF200698E3C /* Debug */,
				1264063A15C29CF200698E3C /* Release */,
			);
			defaultConfigurationIsVisible = 0;
			defaultConfigurationName = Release;
		};
/* End XCConfigurationList section */
	};
	rootObject = 1264062515C29CF200698E3C /* Project object */;
}
