<?xml version="1.0" encoding="utf-8"?>
<Project ToolsVersion="4.0" xmlns="http://schemas.microsoft.com/developer/msbuild/2003">
  <ItemGroup>
    <Filter Include="Resource Files">
      <UniqueIdentifier>{67DA6AB6-F800-4c08-8B7A-83BB121AAD01}</UniqueIdentifier>
      <Extensions>rc;ico;cur;bmp;dlg;rc2;rct;bin;rgs;gif;jpg;jpeg;jpe;resx;tiff;tif;png;wav;mfcribbon-ms</Extensions>
    </Filter>
    <Filter Include="Sources">
      <UniqueIdentifier>{6f768821-fcdd-4180-89e0-235323c7529b}</UniqueIdentifier>
    </Filter>
    <Filter Include="Headers">
      <UniqueIdentifier>{a7fabd28-f671-4971-b42c-379d8a18df30}</UniqueIdentifier>
    </Filter>
  </ItemGroup>
  <ItemGroup>
    <ResourceCompile Include="otserv.rc">
      <Filter>Resource Files</Filter>
    </ResourceCompile>
  </ItemGroup>
  <ItemGroup>
    <ClInclude Include="..\..\src\compiler\workarounds.h">
      <Filter>Headers</Filter>
    </ClInclude>
    <ClInclude Include="..\..\src\compiler\msvc.h">
      <Filter>Headers</Filter>
    </ClInclude>
    <ClInclude Include="..\..\src\compiler\gcc.h">
      <Filter>Headers</Filter>
    </ClInclude>
    <ClInclude Include="..\..\src\weapons.h">
      <Filter>Headers</Filter>
    </ClInclude>
    <ClInclude Include="..\..\src\waypoints.h">
      <Filter>Headers</Filter>
    </ClInclude>
    <ClInclude Include="..\..\src\waitlist.h">
      <Filter>Headers</Filter>
    </ClInclude>
    <ClInclude Include="..\..\src\vocation.h">
      <Filter>Headers</Filter>
    </ClInclude>
    <ClInclude Include="..\..\src\trashholder.h">
      <Filter>Headers</Filter>
    </ClInclude>
    <ClInclude Include="..\..\src\town.h">
      <Filter>Headers</Filter>
    </ClInclude>
    <ClInclude Include="..\..\src\tools.h">
      <Filter>Headers</Filter>
    </ClInclude>
    <ClInclude Include="..\..\src\tile.h">
      <Filter>Headers</Filter>
    </ClInclude>
    <ClInclude Include="..\..\src\thing.h">
      <Filter>Headers</Filter>
    </ClInclude>
    <ClInclude Include="..\..\src\templates.h">
      <Filter>Headers</Filter>
    </ClInclude>
    <ClInclude Include="..\..\src\teleport.h">
      <Filter>Headers</Filter>
    </ClInclude>
    <ClInclude Include="..\..\src\tasks.h">
      <Filter>Headers</Filter>
    </ClInclude>
    <ClInclude Include="..\..\src\talkaction.h">
      <Filter>Headers</Filter>
    </ClInclude>
    <ClInclude Include="..\..\src\status.h">
      <Filter>Headers</Filter>
    </ClInclude>
    <ClInclude Include="..\..\src\spells.h">
      <Filter>Headers</Filter>
    </ClInclude>
    <ClInclude Include="..\..\src\spawn.h">
      <Filter>Headers</Filter>
    </ClInclude>
    <ClInclude Include="..\..\src\sha1.h">
      <Filter>Headers</Filter>
    </ClInclude>
    <ClInclude Include="..\..\src\server.h">
      <Filter>Headers</Filter>
    </ClInclude>
    <ClInclude Include="..\..\src\scriptmanager.h">
      <Filter>Headers</Filter>
    </ClInclude>
    <ClInclude Include="..\..\src\scheduler.h">
      <Filter>Headers</Filter>
    </ClInclude>
    <ClInclude Include="..\..\src\rsa.h">
      <Filter>Headers</Filter>
    </ClInclude>
    <ClInclude Include="..\..\src\raids.h">
      <Filter>Headers</Filter>
    </ClInclude>
    <ClInclude Include="..\..\src\quests.h">
      <Filter>Headers</Filter>
    </ClInclude>
    <ClInclude Include="..\..\src\protocolold.h">
      <Filter>Headers</Filter>
    </ClInclude>
    <ClInclude Include="..\..\src\protocollogin.h">
      <Filter>Headers</Filter>
    </ClInclude>
    <ClInclude Include="..\..\src\protocolgame.h">
      <Filter>Headers</Filter>
    </ClInclude>
    <ClInclude Include="..\..\src\protocol.h">
      <Filter>Headers</Filter>
    </ClInclude>
    <ClInclude Include="..\..\src\position.h">
      <Filter>Headers</Filter>
    </ClInclude>
    <ClInclude Include="..\..\src\player.h">
      <Filter>Headers</Filter>
    </ClInclude>
    <ClInclude Include="..\..\src\party.h">
      <Filter>Headers</Filter>
    </ClInclude>
    <ClInclude Include="..\..\src\outputmessage.h">
      <Filter>Headers</Filter>
    </ClInclude>
    <ClInclude Include="..\..\src\outfit.h">
      <Filter>Headers</Filter>
    </ClInclude>
    <ClInclude Include="..\..\src\otsystem.h">
      <Filter>Headers</Filter>
    </ClInclude>
    <ClInclude Include="..\..\src\otpch.h">
      <Filter>Headers</Filter>
    </ClInclude>
    <ClInclude Include="..\..\src\npc.h">
      <Filter>Headers</Filter>
    </ClInclude>
    <ClInclude Include="..\..\src\networkmessage.h">
      <Filter>Headers</Filter>
    </ClInclude>
    <ClInclude Include="..\..\src\movement.h">
      <Filter>Headers</Filter>
    </ClInclude>
    <ClInclude Include="..\..\src\monsters.h">
      <Filter>Headers</Filter>
    </ClInclude>
    <ClInclude Include="..\..\src\monster.h">
      <Filter>Headers</Filter>
    </ClInclude>
    <ClInclude Include="..\..\src\md5.h">
      <Filter>Headers</Filter>
    </ClInclude>
    <ClInclude Include="..\..\src\map.h">
      <Filter>Headers</Filter>
    </ClInclude>
    <ClInclude Include="..\..\src\mailbox.h">
      <Filter>Headers</Filter>
    </ClInclude>
    <ClInclude Include="..\..\src\luascript.h">
      <Filter>Headers</Filter>
    </ClInclude>
    <ClInclude Include="..\..\src\logger.h">
      <Filter>Headers</Filter>
    </ClInclude>
    <ClInclude Include="..\..\src\items.h">
      <Filter>Headers</Filter>
    </ClInclude>
    <ClInclude Include="..\..\src\itemloader.h">
      <Filter>Headers</Filter>
    </ClInclude>
    <ClInclude Include="..\..\src\item.h">
      <Filter>Headers</Filter>
    </ClInclude>
    <ClInclude Include="..\..\src\ioplayer.h">
      <Filter>Headers</Filter>
    </ClInclude>
    <ClInclude Include="..\..\src\iomapserialize.h">
      <Filter>Headers</Filter>
    </ClInclude>
    <ClInclude Include="..\..\src\iomapotbm.h">
      <Filter>Headers</Filter>
    </ClInclude>
    <ClInclude Include="..\..\src\iomap.h">
      <Filter>Headers</Filter>
    </ClInclude>
    <ClInclude Include="..\..\src\ioaccount.h">
      <Filter>Headers</Filter>
    </ClInclude>
    <ClInclude Include="..\..\src\housetile.h">
      <Filter>Headers</Filter>
    </ClInclude>
    <ClInclude Include="..\..\src\house.h">
      <Filter>Headers</Filter>
    </ClInclude>
    <ClInclude Include="..\..\src\guild.h">
      <Filter>Headers</Filter>
    </ClInclude>
    <ClInclude Include="..\..\src\globalevent.h">
      <Filter>Headers</Filter>
    </ClInclude>
    <ClInclude Include="..\..\src\global_lists_lua_manager.h">
      <Filter>Headers</Filter>
    </ClInclude>
    <ClInclude Include="..\..\src\global_list_lua_manager.h">
      <Filter>Headers</Filter>
    </ClInclude>
    <ClInclude Include="..\..\src\game.h">
      <Filter>Headers</Filter>
    </ClInclude>
    <ClInclude Include="..\..\src\fileloader.h">
      <Filter>Headers</Filter>
    </ClInclude>
    <ClInclude Include="..\..\src\exception.h">
      <Filter>Headers</Filter>
    </ClInclude>
    <ClInclude Include="..\..\src\enums.h">
      <Filter>Headers</Filter>
    </ClInclude>
    <ClInclude Include="..\..\src\depot.h">
      <Filter>Headers</Filter>
    </ClInclude>
    <ClInclude Include="..\..\src\definitions.h">
      <Filter>Headers</Filter>
    </ClInclude>
    <ClInclude Include="..\..\src\databasesqlite.h">
      <Filter>Headers</Filter>
    </ClInclude>
    <ClInclude Include="..\..\src\databasepgsql.h">
      <Filter>Headers</Filter>
    </ClInclude>
    <ClInclude Include="..\..\src\databaseodbc.h">
      <Filter>Headers</Filter>
    </ClInclude>
    <ClInclude Include="..\..\src\databasemysql.h">
      <Filter>Headers</Filter>
    </ClInclude>
    <ClInclude Include="..\..\src\database.h">
      <Filter>Headers</Filter>
    </ClInclude>
    <ClInclude Include="..\..\src\cylinder.h">
      <Filter>Headers</Filter>
    </ClInclude>
    <ClInclude Include="..\..\src\creatureevent.h">
      <Filter>Headers</Filter>
    </ClInclude>
    <ClInclude Include="..\..\src\creature.h">
      <Filter>Headers</Filter>
    </ClInclude>
    <ClInclude Include="..\..\src\container.h">
      <Filter>Headers</Filter>
    </ClInclude>
    <ClInclude Include="..\..\src\const.h">
      <Filter>Headers</Filter>
    </ClInclude>
    <ClInclude Include="..\..\src\connection.h">
      <Filter>Headers</Filter>
    </ClInclude>
    <ClInclude Include="..\..\src\configmanager.h">
      <Filter>Headers</Filter>
    </ClInclude>
    <ClInclude Include="..\..\src\condition.h">
      <Filter>Headers</Filter>
    </ClInclude>
    <ClInclude Include="..\..\src\combat.h">
      <Filter>Headers</Filter>
    </ClInclude>
    <ClInclude Include="..\..\src\chat.h">
      <Filter>Headers</Filter>
    </ClInclude>
    <ClInclude Include="..\..\src\beds.h">
      <Filter>Headers</Filter>
    </ClInclude>
    <ClInclude Include="..\..\src\baseevents.h">
      <Filter>Headers</Filter>
    </ClInclude>
    <ClInclude Include="..\..\src\ban.h">
      <Filter>Headers</Filter>
    </ClInclude>
    <ClInclude Include="..\..\src\allocator.h">
      <Filter>Headers</Filter>
    </ClInclude>
    <ClInclude Include="..\..\src\admin.h">
      <Filter>Headers</Filter>
    </ClInclude>
    <ClInclude Include="..\..\src\actions.h">
      <Filter>Headers</Filter>
    </ClInclude>
    <ClInclude Include="..\..\src\account.h">
      <Filter>Headers</Filter>
    </ClInclude>
    <ClInclude Include="..\..\src\abstract_lua_t.h">
      <Filter>Headers</Filter>
    </ClInclude>
  </ItemGroup>
  <ItemGroup>
    <ClCompile Include="..\..\src\weapons.cpp">
      <Filter>Sources</Filter>
    </ClCompile>
    <ClCompile Include="..\..\src\waitlist.cpp">
      <Filter>Sources</Filter>
    </ClCompile>
    <ClCompile Include="..\..\src\vocation.cpp">
      <Filter>Sources</Filter>
    </ClCompile>
    <ClCompile Include="..\..\src\trashholder.cpp">
      <Filter>Sources</Filter>
    </ClCompile>
    <ClCompile Include="..\..\src\tools.cpp">
      <Filter>Sources</Filter>
    </ClCompile>
    <ClCompile Include="..\..\src\tile.cpp">
      <Filter>Sources</Filter>
    </ClCompile>
    <ClCompile Include="..\..\src\thing.cpp">
      <Filter>Sources</Filter>
    </ClCompile>
    <ClCompile Include="..\..\src\teleport.cpp">
      <Filter>Sources</Filter>
    </ClCompile>
    <ClCompile Include="..\..\src\tasks.cpp">
      <Filter>Sources</Filter>
    </ClCompile>
    <ClCompile Include="..\..\src\talkaction.cpp">
      <Filter>Sources</Filter>
    </ClCompile>
    <ClCompile Include="..\..\src\status.cpp">
      <Filter>Sources</Filter>
    </ClCompile>
    <ClCompile Include="..\..\src\spells.cpp">
      <Filter>Sources</Filter>
    </ClCompile>
    <ClCompile Include="..\..\src\spawn.cpp">
      <Filter>Sources</Filter>
    </ClCompile>
    <ClCompile Include="..\..\src\sha1.cpp">
      <Filter>Sources</Filter>
    </ClCompile>
    <ClCompile Include="..\..\src\server.cpp">
      <Filter>Sources</Filter>
    </ClCompile>
    <ClCompile Include="..\..\src\scriptmanager.cpp">
      <Filter>Sources</Filter>
    </ClCompile>
    <ClCompile Include="..\..\src\scheduler.cpp">
      <Filter>Sources</Filter>
    </ClCompile>
    <ClCompile Include="..\..\src\rsa.cpp">
      <Filter>Sources</Filter>
    </ClCompile>
    <ClCompile Include="..\..\src\raids.cpp">
      <Filter>Sources</Filter>
    </ClCompile>
    <ClCompile Include="..\..\src\quests.cpp">
      <Filter>Sources</Filter>
    </ClCompile>
    <ClCompile Include="..\..\src\protocolold.cpp">
      <Filter>Sources</Filter>
    </ClCompile>
    <ClCompile Include="..\..\src\protocollogin.cpp">
      <Filter>Sources</Filter>
    </ClCompile>
    <ClCompile Include="..\..\src\protocolgame.cpp">
      <Filter>Sources</Filter>
    </ClCompile>
    <ClCompile Include="..\..\src\protocol.cpp">
      <Filter>Sources</Filter>
    </ClCompile>
    <ClCompile Include="..\..\src\position.cpp">
      <Filter>Sources</Filter>
    </ClCompile>
    <ClCompile Include="..\..\src\player.cpp">
      <Filter>Sources</Filter>
    </ClCompile>
    <ClCompile Include="..\..\src\party.cpp">
      <Filter>Sources</Filter>
    </ClCompile>
    <ClCompile Include="..\..\src\outputmessage.cpp">
      <Filter>Sources</Filter>
    </ClCompile>
    <ClCompile Include="..\..\src\outfit.cpp">
      <Filter>Sources</Filter>
    </ClCompile>
    <ClCompile Include="..\..\src\otserv.cpp">
      <Filter>Sources</Filter>
    </ClCompile>
    <ClCompile Include="..\..\src\otpch.cpp">
      <Filter>Sources</Filter>
    </ClCompile>
    <ClCompile Include="..\..\src\npc.cpp">
      <Filter>Sources</Filter>
    </ClCompile>
    <ClCompile Include="..\..\src\networkmessage.cpp">
      <Filter>Sources</Filter>
    </ClCompile>
    <ClCompile Include="..\..\src\movement.cpp">
      <Filter>Sources</Filter>
    </ClCompile>
    <ClCompile Include="..\..\src\monsters.cpp">
      <Filter>Sources</Filter>
    </ClCompile>
    <ClCompile Include="..\..\src\monster.cpp">
      <Filter>Sources</Filter>
    </ClCompile>
    <ClCompile Include="..\..\src\md5.cpp">
      <Filter>Sources</Filter>
    </ClCompile>
    <ClCompile Include="..\..\src\map.cpp">
      <Filter>Sources</Filter>
    </ClCompile>
    <ClCompile Include="..\..\src\mailbox.cpp">
      <Filter>Sources</Filter>
    </ClCompile>
    <ClCompile Include="..\..\src\luascript.cpp">
      <Filter>Sources</Filter>
    </ClCompile>
    <ClCompile Include="..\..\src\logger.cpp">
      <Filter>Sources</Filter>
    </ClCompile>
    <ClCompile Include="..\..\src\items.cpp">
      <Filter>Sources</Filter>
    </ClCompile>
    <ClCompile Include="..\..\src\item.cpp">
      <Filter>Sources</Filter>
    </ClCompile>
    <ClCompile Include="..\..\src\ioplayer.cpp">
      <Filter>Sources</Filter>
    </ClCompile>
    <ClCompile Include="..\..\src\iomapserialize.cpp">
      <Filter>Sources</Filter>
    </ClCompile>
    <ClCompile Include="..\..\src\iomapotbm.cpp">
      <Filter>Sources</Filter>
    </ClCompile>
    <ClCompile Include="..\..\src\ioaccount.cpp">
      <Filter>Sources</Filter>
    </ClCompile>
    <ClCompile Include="..\..\src\housetile.cpp">
      <Filter>Sources</Filter>
    </ClCompile>
    <ClCompile Include="..\..\src\house.cpp">
      <Filter>Sources</Filter>
    </ClCompile>
    <ClCompile Include="..\..\src\guild.cpp">
      <Filter>Sources</Filter>
    </ClCompile>
    <ClCompile Include="..\..\src\globalevent.cpp">
      <Filter>Sources</Filter>
    </ClCompile>
    <ClCompile Include="..\..\src\global_lists_lua_manager.cpp">
      <Filter>Sources</Filter>
    </ClCompile>
    <ClCompile Include="..\..\src\global_list_lua_manager.cpp">
      <Filter>Sources</Filter>
    </ClCompile>
    <ClCompile Include="..\..\src\game.cpp">
      <Filter>Sources</Filter>
    </ClCompile>
    <ClCompile Include="..\..\src\fileloader.cpp">
      <Filter>Sources</Filter>
    </ClCompile>
    <ClCompile Include="..\..\src\exception.cpp">
      <Filter>Sources</Filter>
    </ClCompile>
    <ClCompile Include="..\..\src\depot.cpp">
      <Filter>Sources</Filter>
    </ClCompile>
    <ClCompile Include="..\..\src\databasesqlite.cpp">
      <Filter>Sources</Filter>
    </ClCompile>
    <ClCompile Include="..\..\src\databasepgsql.cpp">
      <Filter>Sources</Filter>
    </ClCompile>
    <ClCompile Include="..\..\src\databaseodbc.cpp">
      <Filter>Sources</Filter>
    </ClCompile>
    <ClCompile Include="..\..\src\databasemysql.cpp">
      <Filter>Sources</Filter>
    </ClCompile>
    <ClCompile Include="..\..\src\database.cpp">
      <Filter>Sources</Filter>
    </ClCompile>
    <ClCompile Include="..\..\src\cylinder.cpp">
      <Filter>Sources</Filter>
    </ClCompile>
    <ClCompile Include="..\..\src\creatureevent.cpp">
      <Filter>Sources</Filter>
    </ClCompile>
    <ClCompile Include="..\..\src\creature.cpp">
      <Filter>Sources</Filter>
    </ClCompile>
    <ClCompile Include="..\..\src\container.cpp">
      <Filter>Sources</Filter>
    </ClCompile>
    <ClCompile Include="..\..\src\connection.cpp">
      <Filter>Sources</Filter>
    </ClCompile>
    <ClCompile Include="..\..\src\configmanager.cpp">
      <Filter>Sources</Filter>
    </ClCompile>
    <ClCompile Include="..\..\src\condition.cpp">
      <Filter>Sources</Filter>
    </ClCompile>
    <ClCompile Include="..\..\src\combat.cpp">
      <Filter>Sources</Filter>
    </ClCompile>
    <ClCompile Include="..\..\src\chat.cpp">
      <Filter>Sources</Filter>
    </ClCompile>
    <ClCompile Include="..\..\src\beds.cpp">
      <Filter>Sources</Filter>
    </ClCompile>
    <ClCompile Include="..\..\src\baseevents.cpp">
      <Filter>Sources</Filter>
    </ClCompile>
    <ClCompile Include="..\..\src\ban.cpp">
      <Filter>Sources</Filter>
    </ClCompile>
    <ClCompile Include="..\..\src\allocator.cpp">
      <Filter>Sources</Filter>
    </ClCompile>
    <ClCompile Include="..\..\src\admin.cpp">
      <Filter>Sources</Filter>
    </ClCompile>
    <ClCompile Include="..\..\src\actions.cpp">
      <Filter>Sources</Filter>
    </ClCompile>
    <ClCompile Include="..\..\src\abstract_lua_t.cpp">
      <Filter>Sources</Filter>
    </ClCompile>
  </ItemGroup>
</Project>