
Microsoft Visual Studio Solution File, Format Version 11.00
# Visual C++ Express 2010
Project("{8BC9CEB8-8B4A-11D0-8D11-00A0C91BC942}") = "dbupdate", "dbupdate\dbupdate.vcxproj", "{FFDB7F51-0D83-46CB-A7D0-C4B1FCF0B301}"
EndProject
Global
	GlobalSection(SolutionConfigurationPlatforms) = preSolution
		Debug|Win32 = Debug|Win32
		Release|Win32 = Release|Win32
	EndGlobalSection
	GlobalSection(ProjectConfigurationPlatforms) = postSolution
		{FFDB7F51-0D83-46CB-A7D0-C4B1FCF0B301}.Debug|Win32.ActiveCfg = Debug|Win32
		{FFDB7F51-0D83-46CB-A7D0-C4B1FCF0B301}.Debug|Win32.Build.0 = Debug|Win32
		{FFDB7F51-0D83-46CB-A7D0-C4B1FCF0B301}.Release|Win32.ActiveCfg = Release|Win32
		{FFDB7F51-0D83-46CB-A7D0-C4B1FCF0B301}.Release|Win32.Build.0 = Release|Win32
	EndGlobalSection
	GlobalSection(SolutionProperties) = preSolution
		HideSolutionNode = FALSE
	EndGlobalSection
EndGlobal
